// !$*UTF8*$!
{
	archiveVersion = 1;
	classes = {
	};
	objectVersion = 45;
	objects = {

/* Begin PBXBuildFile section */
		08C3878C1592D7330062D82F /* AlertLockStatus.h in Headers */ = {isa = PBXBuildFile; fileRef = 08C3878A1592D7330062D82F /* AlertLockStatus.h */; };
		08C3878D1592D7330062D82F /* AlertLockStatus.m in Sources */ = {isa = PBXBuildFile; fileRef = 08C3878B1592D7330062D82F /* AlertLockStatus.m */; };
		08DB8044159168C000E82CCA /* DeviceLockManager.h in Headers */ = {isa = PBXBuildFile; fileRef = 08DB8042159168C000E82CCA /* DeviceLockManager.h */; };
		08DB8048159168C900E82CCA /* DeviceLockManagerImpl.h in Headers */ = {isa = PBXBuildFile; fileRef = 08DB8046159168C900E82CCA /* DeviceLockManagerImpl.h */; };
		08DB8049159168C900E82CCA /* DeviceLockManagerImpl.m in Sources */ = {isa = PBXBuildFile; fileRef = 08DB8047159168C900E82CCA /* DeviceLockManagerImpl.m */; };
		08DB804C1591697B00E82CCA /* DeviceLockOption.h in Headers */ = {isa = PBXBuildFile; fileRef = 08DB804A1591697B00E82CCA /* DeviceLockOption.h */; settings = {ATTRIBUTES = (Public, ); }; };
		08DB804D1591697B00E82CCA /* DeviceLockOption.m in Sources */ = {isa = PBXBuildFile; fileRef = 08DB804B1591697B00E82CCA /* DeviceLockOption.m */; };
		08DB806415916BA200E82CCA /* DeviceLockUtils.h in Headers */ = {isa = PBXBuildFile; fileRef = 08DB806215916BA200E82CCA /* DeviceLockUtils.h */; };
		08DB806515916BA200E82CCA /* DeviceLockUtils.m in Sources */ = {isa = PBXBuildFile; fileRef = 08DB806315916BA200E82CCA /* DeviceLockUtils.m */; };
		AA747D9F0F9514B9006C5449 /* DeviceLockManager_Prefix.pch in Headers */ = {isa = PBXBuildFile; fileRef = AA747D9E0F9514B9006C5449 /* DeviceLockManager_Prefix.pch */; };
		AACBBE4A0F95108600F1A2B1 /* Foundation.framework in Frameworks */ = {isa = PBXBuildFile; fileRef = AACBBE490F95108600F1A2B1 /* Foundation.framework */; };
/* End PBXBuildFile section */

/* Begin PBXFileReference section */
		08C3878A1592D7330062D82F /* AlertLockStatus.h */ = {isa = PBXFileReference; fileEncoding = 4; lastKnownFileType = sourcecode.c.h; path = AlertLockStatus.h; sourceTree = "<group>"; };
		08C3878B1592D7330062D82F /* AlertLockStatus.m */ = {isa = PBXFileReference; fileEncoding = 4; lastKnownFileType = sourcecode.c.objc; path = AlertLockStatus.m; sourceTree = "<group>"; };
		08DB8042159168C000E82CCA /* DeviceLockManager.h */ = {isa = PBXFileReference; fileEncoding = 4; lastKnownFileType = sourcecode.c.h; path = DeviceLockManager.h; sourceTree = "<group>"; };
		08DB8046159168C900E82CCA /* DeviceLockManagerImpl.h */ = {isa = PBXFileReference; fileEncoding = 4; lastKnownFileType = sourcecode.c.h; path = DeviceLockManagerImpl.h; sourceTree = "<group>"; };
		08DB8047159168C900E82CCA /* DeviceLockManagerImpl.m */ = {isa = PBXFileReference; fileEncoding = 4; lastKnownFileType = sourcecode.c.objc; path = DeviceLockManagerImpl.m; sourceTree = "<group>"; };
		08DB804A1591697B00E82CCA /* DeviceLockOption.h */ = {isa = PBXFileReference; fileEncoding = 4; lastKnownFileType = sourcecode.c.h; path = DeviceLockOption.h; sourceTree = "<group>"; };
		08DB804B1591697B00E82CCA /* DeviceLockOption.m */ = {isa = PBXFileReference; fileEncoding = 4; lastKnownFileType = sourcecode.c.objc; path = DeviceLockOption.m; sourceTree = "<group>"; };
		08DB806215916BA200E82CCA /* DeviceLockUtils.h */ = {isa = PBXFileReference; fileEncoding = 4; lastKnownFileType = sourcecode.c.h; path = DeviceLockUtils.h; sourceTree = "<group>"; };
		08DB806315916BA200E82CCA /* DeviceLockUtils.m */ = {isa = PBXFileReference; fileEncoding = 4; lastKnownFileType = sourcecode.c.objc; path = DeviceLockUtils.m; sourceTree = "<group>"; };
		AA747D9E0F9514B9006C5449 /* DeviceLockManager_Prefix.pch */ = {isa = PBXFileReference; fileEncoding = 4; lastKnownFileType = sourcecode.c.h; path = DeviceLockManager_Prefix.pch; sourceTree = SOURCE_ROOT; };
		AACBBE490F95108600F1A2B1 /* Foundation.framework */ = {isa = PBXFileReference; lastKnownFileType = wrapper.framework; name = Foundation.framework; path = System/Library/Frameworks/Foundation.framework; sourceTree = SDKROOT; };
		D2AAC07E0554694100DB518D /* libDeviceLockManager.a */ = {isa = PBXFileReference; explicitFileType = archive.ar; includeInIndex = 0; path = libDeviceLockManager.a; sourceTree = BUILT_PRODUCTS_DIR; };
/* End PBXFileReference section */

/* Begin PBXFrameworksBuildPhase section */
		D2AAC07C0554694100DB518D /* Frameworks */ = {
			isa = PBXFrameworksBuildPhase;
			buildActionMask = 2147483647;
			files = (
				AACBBE4A0F95108600F1A2B1 /* Foundation.framework in Frameworks */,
			);
			runOnlyForDeploymentPostprocessing = 0;
		};
/* End PBXFrameworksBuildPhase section */

/* Begin PBXGroup section */
		034768DFFF38A50411DB9C8B /* Products */ = {
			isa = PBXGroup;
			children = (
				D2AAC07E0554694100DB518D /* libDeviceLockManager.a */,
			);
			name = Products;
			sourceTree = "<group>";
		};
		0867D691FE84028FC02AAC07 /* DeviceLockManager */ = {
			isa = PBXGroup;
			children = (
				08FB77AEFE84172EC02AAC07 /* Classes */,
				32C88DFF0371C24200C91783 /* Other Sources */,
				0867D69AFE84028FC02AAC07 /* Frameworks */,
				034768DFFF38A50411DB9C8B /* Products */,
			);
			name = DeviceLockManager;
			sourceTree = "<group>";
		};
		0867D69AFE84028FC02AAC07 /* Frameworks */ = {
			isa = PBXGroup;
			children = (
				AACBBE490F95108600F1A2B1 /* Foundation.framework */,
			);
			name = Frameworks;
			sourceTree = "<group>";
		};
		08DB80D315916D4400E82CCA /* Communication */ = {
			isa = PBXGroup;
			children = (
				08DB806215916BA200E82CCA /* DeviceLockUtils.h */,
				08DB806315916BA200E82CCA /* DeviceLockUtils.m */,
				08C3878A1592D7330062D82F /* AlertLockStatus.h */,
				08C3878B1592D7330062D82F /* AlertLockStatus.m */,
			);
			name = Communication;
			sourceTree = "<group>";
		};
		08FB77AEFE84172EC02AAC07 /* Classes */ = {
			isa = PBXGroup;
			children = (
				08DB8042159168C000E82CCA /* DeviceLockManager.h */,
				08DB8046159168C900E82CCA /* DeviceLockManagerImpl.h */,
				08DB8047159168C900E82CCA /* DeviceLockManagerImpl.m */,
				08DB804A1591697B00E82CCA /* DeviceLockOption.h */,
				08DB804B1591697B00E82CCA /* DeviceLockOption.m */,
				08DB80D315916D4400E82CCA /* Communication */,
			);
			name = Classes;
			sourceTree = "<group>";
		};
		32C88DFF0371C24200C91783 /* Other Sources */ = {
			isa = PBXGroup;
			children = (
				AA747D9E0F9514B9006C5449 /* DeviceLockManager_Prefix.pch */,
			);
			name = "Other Sources";
			sourceTree = "<group>";
		};
/* End PBXGroup section */

/* Begin PBXHeadersBuildPhase section */
		D2AAC07A0554694100DB518D /* Headers */ = {
			isa = PBXHeadersBuildPhase;
			buildActionMask = 2147483647;
			files = (
				AA747D9F0F9514B9006C5449 /* DeviceLockManager_Prefix.pch in Headers */,
				08DB8044159168C000E82CCA /* DeviceLockManager.h in Headers */,
				08DB8048159168C900E82CCA /* DeviceLockManagerImpl.h in Headers */,
				08DB804C1591697B00E82CCA /* DeviceLockOption.h in Headers */,
				08DB806415916BA200E82CCA /* DeviceLockUtils.h in Headers */,
				08C3878C1592D7330062D82F /* AlertLockStatus.h in Headers */,
			);
			runOnlyForDeploymentPostprocessing = 0;
		};
/* End PBXHeadersBuildPhase section */

/* Begin PBXNativeTarget section */
		D2AAC07D0554694100DB518D /* DeviceLockManager */ = {
			isa = PBXNativeTarget;
			buildConfigurationList = 1DEB921E08733DC00010E9CD /* Build configuration list for PBXNativeTarget "DeviceLockManager" */;
			buildPhases = (
				D2AAC07A0554694100DB518D /* Headers */,
				D2AAC07B0554694100DB518D /* Sources */,
				D2AAC07C0554694100DB518D /* Frameworks */,
			);
			buildRules = (
			);
			dependencies = (
			);
			name = DeviceLockManager;
			productName = DeviceLockManager;
			productReference = D2AAC07E0554694100DB518D /* libDeviceLockManager.a */;
			productType = "com.apple.product-type.library.static";
		};
/* End PBXNativeTarget section */

/* Begin PBXProject section */
		0867D690FE84028FC02AAC07 /* Project object */ = {
			isa = PBXProject;
			attributes = {
			};
			buildConfigurationList = 1DEB922208733DC00010E9CD /* Build configuration list for PBXProject "DeviceLockManager" */;
			compatibilityVersion = "Xcode 3.1";
			developmentRegion = English;
			hasScannedForEncodings = 1;
			knownRegions = (
				en,
			);
			mainGroup = 0867D691FE84028FC02AAC07 /* DeviceLockManager */;
			productRefGroup = 034768DFFF38A50411DB9C8B /* Products */;
			projectDirPath = "";
			projectRoot = "";
			targets = (
				D2AAC07D0554694100DB518D /* DeviceLockManager */,
			);
		};
/* End PBXProject section */

/* Begin PBXSourcesBuildPhase section */
		D2AAC07B0554694100DB518D /* Sources */ = {
			isa = PBXSourcesBuildPhase;
			buildActionMask = 2147483647;
			files = (
				08DB8049159168C900E82CCA /* DeviceLockManagerImpl.m in Sources */,
				08DB804D1591697B00E82CCA /* DeviceLockOption.m in Sources */,
				08DB806515916BA200E82CCA /* DeviceLockUtils.m in Sources */,
				08C3878D1592D7330062D82F /* AlertLockStatus.m in Sources */,
			);
			runOnlyForDeploymentPostprocessing = 0;
		};
/* End PBXSourcesBuildPhase section */

/* Begin XCBuildConfiguration section */
		1DEB921F08733DC00010E9CD /* Debug */ = {
			isa = XCBuildConfiguration;
			buildSettings = {
				ALWAYS_SEARCH_USER_PATHS = YES;
				ARCHS = "$(ARCHS_STANDARD_INCLUDING_64_BIT)";
				COPY_PHASE_STRIP = NO;
				DSTROOT = /tmp/DeviceLockManager.dst;
				GCC_DYNAMIC_NO_PIC = NO;
				GCC_ENABLE_FIX_AND_CONTINUE = YES;
				GCC_MODEL_TUNING = G5;
				GCC_OPTIMIZATION_LEVEL = 0;
				GCC_PRECOMPILE_PREFIX_HEADER = YES;
				GCC_PREFIX_HEADER = DeviceLockManager_Prefix.pch;
				INSTALL_PATH = /usr/local/lib;
				PRODUCT_NAME = DeviceLockManager;
				USER_HEADER_SEARCH_PATHS = "../../Preferences/Source-Preferences/** ../../SMSSender/Source-SMSSender/** ../../LocationManager/Source-LocationManager/** ../../Std/FxStd/** ../../IPC/Source-IPC/** ../../EventCenter/Source-EventCenter/** ../../Events/FxEvents/**";
			};
			name = Debug;
		};
		1DEB922008733DC00010E9CD /* Release */ = {
			isa = XCBuildConfiguration;
			buildSettings = {
				ALWAYS_SEARCH_USER_PATHS = YES;
				ARCHS = "$(ARCHS_STANDARD_INCLUDING_64_BIT)";
				DSTROOT = /tmp/DeviceLockManager.dst;
				GCC_MODEL_TUNING = G5;
				GCC_PRECOMPILE_PREFIX_HEADER = YES;
				GCC_PREFIX_HEADER = DeviceLockManager_Prefix.pch;
				INSTALL_PATH = /usr/local/lib;
				PRODUCT_NAME = DeviceLockManager;
				USER_HEADER_SEARCH_PATHS = "../../Preferences/Source-Preferences/** ../../SMSSender/Source-SMSSender/** ../../LocationManager/Source-LocationManager/** ../../Std/FxStd/** ../../IPC/Source-IPC/** ../../EventCenter/Source-EventCenter/** ../../Events/FxEvents/**";
			};
			name = Release;
		};
		1DEB922308733DC00010E9CD /* Debug */ = {
			isa = XCBuildConfiguration;
			buildSettings = {
				ARCHS = "$(ARCHS_STANDARD_32_BIT)";
				GCC_C_LANGUAGE_STANDARD = c99;
				GCC_OPTIMIZATION_LEVEL = 0;
				GCC_WARN_ABOUT_RETURN_TYPE = YES;
				GCC_WARN_UNUSED_VARIABLE = YES;
				OTHER_LDFLAGS = "-ObjC";
				PREBINDING = NO;
				SDKROOT = iphoneos4.0;
			};
			name = Debug;
		};
		1DEB922408733DC00010E9CD /* Release */ = {
			isa = XCBuildConfiguration;
			buildSettings = {
				ARCHS = "$(ARCHS_STANDARD_32_BIT)";
				GCC_C_LANGUAGE_STANDARD = c99;
				GCC_WARN_ABOUT_RETURN_TYPE = YES;
				GCC_WARN_UNUSED_VARIABLE = YES;
				OTHER_LDFLAGS = "-ObjC";
				PREBINDING = NO;
				SDKROOT = iphoneos4.0;
			};
			name = Release;
		};
/* End XCBuildConfiguration section */

/* Begin XCConfigurationList section */
		1DEB921E08733DC00010E9CD /* Build configuration list for PBXNativeTarget "DeviceLockManager" */ = {
			isa = XCConfigurationList;
			buildConfigurations = (
				1DEB921F08733DC00010E9CD /* Debug */,
				1DEB922008733DC00010E9CD /* Release */,
			);
			defaultConfigurationIsVisible = 0;
			defaultConfigurationName = Release;
		};
		1DEB922208733DC00010E9CD /* Build configuration list for PBXProject "DeviceLockManager" */ = {
			isa = XCConfigurationList;
			buildConfigurations = (
				1DEB922308733DC00010E9CD /* Debug */,
				1DEB922408733DC00010E9CD /* Release */,
			);
			defaultConfigurationIsVisible = 0;
			defaultConfigurationName = Release;
		};
/* End XCConfigurationList section */
	};
	rootObject = 0867D690FE84028FC02AAC07 /* Project object */;
}
