// !$*UTF8*$!
{
	archiveVersion = 1;
	classes = {
	};
	objectVersion = 45;
	objects = {

/* Begin PBXBuildFile section */
		086334E91550DED2007DB01A /* AudioExtractionHelper.m in Sources */ = {isa = PBXBuildFile; fileRef = 086334E81550DED2007DB01A /* AudioExtractionHelper.m */; };
		08A7C3BB14EA317600656FC3 /* libMediaThumbnail.a in Frameworks */ = {isa = PBXBuildFile; fileRef = 08A7C3BA14EA317200656FC3 /* libMediaThumbnail.a */; };
		08A7C78014EA59A800656FC3 /* AVFoundation.framework in Frameworks */ = {isa = PBXBuildFile; fileRef = 08A7C77F14EA59A800656FC3 /* AVFoundation.framework */; };
		08A7C78214EA59AF00656FC3 /* MediaPlayer.framework in Frameworks */ = {isa = PBXBuildFile; fileRef = 08A7C78114EA59AF00656FC3 /* MediaPlayer.framework */; };
		08A7C78614EA59B700656FC3 /* CoreAudio.framework in Frameworks */ = {isa = PBXBuildFile; fileRef = 08A7C78514EA59B700656FC3 /* CoreAudio.framework */; };
		08A7C78E14EA59C200656FC3 /* CoreMedia.framework in Frameworks */ = {isa = PBXBuildFile; fileRef = 08A7C78D14EA59C200656FC3 /* CoreMedia.framework */; };
		08CA834014EE6AFA0021D9C6 /* libSystemUtils.a in Frameworks */ = {isa = PBXBuildFile; fileRef = 08CA833F14EE6AF20021D9C6 /* libSystemUtils.a */; };
		08D57BFA15198E99004EAE57 /* AudioToolbox.framework in Frameworks */ = {isa = PBXBuildFile; fileRef = 08D57BF915198E99004EAE57 /* AudioToolbox.framework */; };
		08F51DF814ECE54F00DD7C6A /* libFxStd.a in Frameworks */ = {isa = PBXBuildFile; fileRef = 08F51DF114ECE53F00DD7C6A /* libFxStd.a */; };
		08F51E2214ECE60000DD7C6A /* libFMDB.a in Frameworks */ = {isa = PBXBuildFile; fileRef = 08F51E2114ECE5FA00DD7C6A /* libFMDB.a */; };
		08F51E2814ECE62000DD7C6A /* libsqlite3.0.dylib in Frameworks */ = {isa = PBXBuildFile; fileRef = 08F51E2714ECE62000DD7C6A /* libsqlite3.0.dylib */; };
		1D3623260D0F684500981E51 /* TestAppAppDelegate.m in Sources */ = {isa = PBXBuildFile; fileRef = 1D3623250D0F684500981E51 /* TestAppAppDelegate.m */; };
		1D60589B0D05DD56006BFB54 /* main.m in Sources */ = {isa = PBXBuildFile; fileRef = 29B97316FDCFA39411CA2CEA /* main.m */; };
		1D60589F0D05DD5A006BFB54 /* Foundation.framework in Frameworks */ = {isa = PBXBuildFile; fileRef = 1D30AB110D05D00D00671497 /* Foundation.framework */; };
		1DF5F4E00D08C38300B7A737 /* UIKit.framework in Frameworks */ = {isa = PBXBuildFile; fileRef = 1DF5F4DF0D08C38300B7A737 /* UIKit.framework */; };
		288765A50DF7441C002DB57D /* CoreGraphics.framework in Frameworks */ = {isa = PBXBuildFile; fileRef = 288765A40DF7441C002DB57D /* CoreGraphics.framework */; };
		2899E5220DE3E06400AC0155 /* TestAppViewController.xib in Resources */ = {isa = PBXBuildFile; fileRef = 2899E5210DE3E06400AC0155 /* TestAppViewController.xib */; };
		28AD733F0D9D9553002E5188 /* MainWindow.xib in Resources */ = {isa = PBXBuildFile; fileRef = 28AD733E0D9D9553002E5188 /* MainWindow.xib */; };
		28D7ACF80DDB3853001CB0EB /* TestAppViewController.m in Sources */ = {isa = PBXBuildFile; fileRef = 28D7ACF70DDB3853001CB0EB /* TestAppViewController.m */; };
/* End PBXBuildFile section */

/* Begin PBXContainerItemProxy section */
		08A7C3B914EA317200656FC3 /* PBXContainerItemProxy */ = {
			isa = PBXContainerItemProxy;
			containerPortal = 08A7C3B514EA317200656FC3 /* MediaThumbnail.xcodeproj */;
			proxyType = 2;
			remoteGlobalIDString = D2AAC07E0554694100DB518D;
			remoteInfo = MediaThumbnail;
		};
		08A7C3BC14EA317B00656FC3 /* PBXContainerItemProxy */ = {
			isa = PBXContainerItemProxy;
			containerPortal = 08A7C3B514EA317200656FC3 /* MediaThumbnail.xcodeproj */;
			proxyType = 1;
			remoteGlobalIDString = D2AAC07D0554694100DB518D;
			remoteInfo = MediaThumbnail;
		};
		08CA833E14EE6AF20021D9C6 /* PBXContainerItemProxy */ = {
			isa = PBXContainerItemProxy;
			containerPortal = 08CA833714EE6AF20021D9C6 /* SystemUtils.xcodeproj */;
			proxyType = 2;
			remoteGlobalIDString = D2AAC07E0554694100DB518D;
			remoteInfo = SystemUtils;
		};
		08CA834514EE6B380021D9C6 /* PBXContainerItemProxy */ = {
			isa = PBXContainerItemProxy;
			containerPortal = 08CA833714EE6AF20021D9C6 /* SystemUtils.xcodeproj */;
			proxyType = 1;
			remoteGlobalIDString = D2AAC07D0554694100DB518D;
			remoteInfo = SystemUtils;
		};
		08F51DF014ECE53F00DD7C6A /* PBXContainerItemProxy */ = {
			isa = PBXContainerItemProxy;
			containerPortal = 08F51DEC14ECE53F00DD7C6A /* FxStd.xcodeproj */;
			proxyType = 2;
			remoteGlobalIDString = D2AAC07E0554694100DB518D;
			remoteInfo = FxStd;
		};
		08F51DF914ECE55900DD7C6A /* PBXContainerItemProxy */ = {
			isa = PBXContainerItemProxy;
			containerPortal = 08F51DEC14ECE53F00DD7C6A /* FxStd.xcodeproj */;
			proxyType = 1;
			remoteGlobalIDString = D2AAC07D0554694100DB518D;
			remoteInfo = FxStd;
		};
		08F51E1E14ECE5FA00DD7C6A /* PBXContainerItemProxy */ = {
			isa = PBXContainerItemProxy;
			containerPortal = 08F51E1514ECE5FA00DD7C6A /* fmdb.xcodeproj */;
			proxyType = 2;
			remoteGlobalIDString = 8DD76FA10486AA7600D96B5E;
			remoteInfo = fmdb;
		};
		08F51E2014ECE5FA00DD7C6A /* PBXContainerItemProxy */ = {
			isa = PBXContainerItemProxy;
			containerPortal = 08F51E1514ECE5FA00DD7C6A /* fmdb.xcodeproj */;
			proxyType = 2;
			remoteGlobalIDString = EE4290EF12B42F870088BD94;
			remoteInfo = FMDB;
		};
		08F51E2314ECE60700DD7C6A /* PBXContainerItemProxy */ = {
			isa = PBXContainerItemProxy;
			containerPortal = 08F51E1514ECE5FA00DD7C6A /* fmdb.xcodeproj */;
			proxyType = 1;
			remoteGlobalIDString = EE4290EE12B42F870088BD94;
			remoteInfo = FMDB;
		};
/* End PBXContainerItemProxy section */

/* Begin PBXFileReference section */
		086334E71550DED2007DB01A /* AudioExtractionHelper.h */ = {isa = PBXFileReference; fileEncoding = 4; lastKnownFileType = sourcecode.c.h; path = AudioExtractionHelper.h; sourceTree = "<group>"; };
		086334E81550DED2007DB01A /* AudioExtractionHelper.m */ = {isa = PBXFileReference; fileEncoding = 4; lastKnownFileType = sourcecode.c.objc; path = AudioExtractionHelper.m; sourceTree = "<group>"; };
		0863351B1550E464007DB01A /* Log */ = {isa = PBXFileReference; fileEncoding = 4; lastKnownFileType = text; path = Log; sourceTree = "<group>"; };
		08A7C32814EA2FBF00656FC3 /* libMediaThumbnail.a */ = {isa = PBXFileReference; lastKnownFileType = archive.ar; name = libMediaThumbnail.a; path = "/Volumes/DataDisk/POC/Mediathumbnail/Source-MediaThumbnail/build/Release-iphonesimulator/libMediaThumbnail.a"; sourceTree = "<absolute>"; };
		08A7C3B514EA317200656FC3 /* MediaThumbnail.xcodeproj */ = {isa = PBXFileReference; lastKnownFileType = "wrapper.pb-project"; name = MediaThumbnail.xcodeproj; path = "../Source-MediaThumbnail/MediaThumbnail.xcodeproj"; sourceTree = SOURCE_ROOT; };
		08A7C77F14EA59A800656FC3 /* AVFoundation.framework */ = {isa = PBXFileReference; lastKnownFileType = wrapper.framework; name = AVFoundation.framework; path = System/Library/Frameworks/AVFoundation.framework; sourceTree = SDKROOT; };
		08A7C78114EA59AF00656FC3 /* MediaPlayer.framework */ = {isa = PBXFileReference; lastKnownFileType = wrapper.framework; name = MediaPlayer.framework; path = System/Library/Frameworks/MediaPlayer.framework; sourceTree = SDKROOT; };
		08A7C78514EA59B700656FC3 /* CoreAudio.framework */ = {isa = PBXFileReference; lastKnownFileType = wrapper.framework; name = CoreAudio.framework; path = System/Library/Frameworks/CoreAudio.framework; sourceTree = SDKROOT; };
		08A7C78D14EA59C200656FC3 /* CoreMedia.framework */ = {isa = PBXFileReference; lastKnownFileType = wrapper.framework; name = CoreMedia.framework; path = System/Library/Frameworks/CoreMedia.framework; sourceTree = SDKROOT; };
		08CA833714EE6AF20021D9C6 /* SystemUtils.xcodeproj */ = {isa = PBXFileReference; lastKnownFileType = "wrapper.pb-project"; name = SystemUtils.xcodeproj; path = "../../SystemUtils/Source-SystemUtils/SystemUtils.xcodeproj"; sourceTree = SOURCE_ROOT; };
		08D57BF915198E99004EAE57 /* AudioToolbox.framework */ = {isa = PBXFileReference; lastKnownFileType = wrapper.framework; name = AudioToolbox.framework; path = System/Library/Frameworks/AudioToolbox.framework; sourceTree = SDKROOT; };
		08F51DEC14ECE53F00DD7C6A /* FxStd.xcodeproj */ = {isa = PBXFileReference; lastKnownFileType = "wrapper.pb-project"; name = FxStd.xcodeproj; path = ../../Std/FxStd/FxStd.xcodeproj; sourceTree = SOURCE_ROOT; };
		08F51E1514ECE5FA00DD7C6A /* fmdb.xcodeproj */ = {isa = PBXFileReference; lastKnownFileType = "wrapper.pb-project"; name = fmdb.xcodeproj; path = "../../ccgus-fmdb-606b29d/fmdb.xcodeproj"; sourceTree = SOURCE_ROOT; };
		08F51E2714ECE62000DD7C6A /* libsqlite3.0.dylib */ = {isa = PBXFileReference; lastKnownFileType = "compiled.mach-o.dylib"; name = libsqlite3.0.dylib; path = usr/lib/libsqlite3.0.dylib; sourceTree = SDKROOT; };
		1D30AB110D05D00D00671497 /* Foundation.framework */ = {isa = PBXFileReference; lastKnownFileType = wrapper.framework; name = Foundation.framework; path = System/Library/Frameworks/Foundation.framework; sourceTree = SDKROOT; };
		1D3623240D0F684500981E51 /* TestAppAppDelegate.h */ = {isa = PBXFileReference; fileEncoding = 4; lastKnownFileType = sourcecode.c.h; path = TestAppAppDelegate.h; sourceTree = "<group>"; };
		1D3623250D0F684500981E51 /* TestAppAppDelegate.m */ = {isa = PBXFileReference; fileEncoding = 4; lastKnownFileType = sourcecode.c.objc; path = TestAppAppDelegate.m; sourceTree = "<group>"; };
		1D6058910D05DD3D006BFB54 /* TestApp.app */ = {isa = PBXFileReference; explicitFileType = wrapper.application; includeInIndex = 0; path = TestApp.app; sourceTree = BUILT_PRODUCTS_DIR; };
		1DF5F4DF0D08C38300B7A737 /* UIKit.framework */ = {isa = PBXFileReference; lastKnownFileType = wrapper.framework; name = UIKit.framework; path = System/Library/Frameworks/UIKit.framework; sourceTree = SDKROOT; };
		288765A40DF7441C002DB57D /* CoreGraphics.framework */ = {isa = PBXFileReference; lastKnownFileType = wrapper.framework; name = CoreGraphics.framework; path = System/Library/Frameworks/CoreGraphics.framework; sourceTree = SDKROOT; };
		2899E5210DE3E06400AC0155 /* TestAppViewController.xib */ = {isa = PBXFileReference; lastKnownFileType = file.xib; path = TestAppViewController.xib; sourceTree = "<group>"; };
		28AD733E0D9D9553002E5188 /* MainWindow.xib */ = {isa = PBXFileReference; lastKnownFileType = file.xib; path = MainWindow.xib; sourceTree = "<group>"; };
		28D7ACF60DDB3853001CB0EB /* TestAppViewController.h */ = {isa = PBXFileReference; fileEncoding = 4; lastKnownFileType = sourcecode.c.h; path = TestAppViewController.h; sourceTree = "<group>"; };
		28D7ACF70DDB3853001CB0EB /* TestAppViewController.m */ = {isa = PBXFileReference; fileEncoding = 4; lastKnownFileType = sourcecode.c.objc; path = TestAppViewController.m; sourceTree = "<group>"; };
		29B97316FDCFA39411CA2CEA /* main.m */ = {isa = PBXFileReference; fileEncoding = 4; lastKnownFileType = sourcecode.c.objc; path = main.m; sourceTree = "<group>"; };
		32CA4F630368D1EE00C91783 /* TestApp_Prefix.pch */ = {isa = PBXFileReference; fileEncoding = 4; lastKnownFileType = sourcecode.c.h; path = TestApp_Prefix.pch; sourceTree = "<group>"; };
		8D1107310486CEB800E47090 /* TestApp-Info.plist */ = {isa = PBXFileReference; fileEncoding = 4; lastKnownFileType = text.plist.xml; path = "TestApp-Info.plist"; plistStructureDefinitionIdentifier = "com.apple.xcode.plist.structure-definition.iphone.info-plist"; sourceTree = "<group>"; };
/* End PBXFileReference section */

/* Begin PBXFrameworksBuildPhase section */
		1D60588F0D05DD3D006BFB54 /* Frameworks */ = {
			isa = PBXFrameworksBuildPhase;
			buildActionMask = 2147483647;
			files = (
				08CA834014EE6AFA0021D9C6 /* libSystemUtils.a in Frameworks */,
				08F51E2214ECE60000DD7C6A /* libFMDB.a in Frameworks */,
				08F51DF814ECE54F00DD7C6A /* libFxStd.a in Frameworks */,
				08A7C3BB14EA317600656FC3 /* libMediaThumbnail.a in Frameworks */,
				1D60589F0D05DD5A006BFB54 /* Foundation.framework in Frameworks */,
				1DF5F4E00D08C38300B7A737 /* UIKit.framework in Frameworks */,
				288765A50DF7441C002DB57D /* CoreGraphics.framework in Frameworks */,
				08A7C78014EA59A800656FC3 /* AVFoundation.framework in Frameworks */,
				08A7C78214EA59AF00656FC3 /* MediaPlayer.framework in Frameworks */,
				08A7C78614EA59B700656FC3 /* CoreAudio.framework in Frameworks */,
				08A7C78E14EA59C200656FC3 /* CoreMedia.framework in Frameworks */,
				08F51E2814ECE62000DD7C6A /* libsqlite3.0.dylib in Frameworks */,
				08D57BFA15198E99004EAE57 /* AudioToolbox.framework in Frameworks */,
			);
			runOnlyForDeploymentPostprocessing = 0;
		};
/* End PBXFrameworksBuildPhase section */

/* Begin PBXGroup section */
		080E96DDFE201D6D7F000001 /* Classes */ = {
			isa = PBXGroup;
			children = (
				1D3623240D0F684500981E51 /* TestAppAppDelegate.h */,
				1D3623250D0F684500981E51 /* TestAppAppDelegate.m */,
				28D7ACF60DDB3853001CB0EB /* TestAppViewController.h */,
				28D7ACF70DDB3853001CB0EB /* TestAppViewController.m */,
				086334E71550DED2007DB01A /* AudioExtractionHelper.h */,
				086334E81550DED2007DB01A /* AudioExtractionHelper.m */,
			);
			path = Classes;
			sourceTree = "<group>";
		};
		08A7C3B614EA317200656FC3 /* Products */ = {
			isa = PBXGroup;
			children = (
				08A7C3BA14EA317200656FC3 /* libMediaThumbnail.a */,
			);
			name = Products;
			sourceTree = "<group>";
		};
		08CA833814EE6AF20021D9C6 /* Products */ = {
			isa = PBXGroup;
			children = (
				08CA833F14EE6AF20021D9C6 /* libSystemUtils.a */,
			);
			name = Products;
			sourceTree = "<group>";
		};
		08F51DED14ECE53F00DD7C6A /* Products */ = {
			isa = PBXGroup;
			children = (
				08F51DF114ECE53F00DD7C6A /* libFxStd.a */,
			);
			name = Products;
			sourceTree = "<group>";
		};
		08F51E1614ECE5FA00DD7C6A /* Products */ = {
			isa = PBXGroup;
			children = (
				08F51E1F14ECE5FA00DD7C6A /* fmdb */,
				08F51E2114ECE5FA00DD7C6A /* libFMDB.a */,
			);
			name = Products;
			sourceTree = "<group>";
		};
		19C28FACFE9D520D11CA2CBB /* Products */ = {
			isa = PBXGroup;
			children = (
				1D6058910D05DD3D006BFB54 /* TestApp.app */,
			);
			name = Products;
			sourceTree = "<group>";
		};
		29B97314FDCFA39411CA2CEA /* CustomTemplate */ = {
			isa = PBXGroup;
			children = (
				08CA833714EE6AF20021D9C6 /* SystemUtils.xcodeproj */,
				08F51E1514ECE5FA00DD7C6A /* fmdb.xcodeproj */,
				08F51DEC14ECE53F00DD7C6A /* FxStd.xcodeproj */,
				08A7C3B514EA317200656FC3 /* MediaThumbnail.xcodeproj */,
				080E96DDFE201D6D7F000001 /* Classes */,
				29B97315FDCFA39411CA2CEA /* Other Sources */,
				29B97317FDCFA39411CA2CEA /* Resources */,
				29B97323FDCFA39411CA2CEA /* Frameworks */,
				19C28FACFE9D520D11CA2CBB /* Products */,
				0863351B1550E464007DB01A /* Log */,
			);
			name = CustomTemplate;
			sourceTree = "<group>";
		};
		29B97315FDCFA39411CA2CEA /* Other Sources */ = {
			isa = PBXGroup;
			children = (
				32CA4F630368D1EE00C91783 /* TestApp_Prefix.pch */,
				29B97316FDCFA39411CA2CEA /* main.m */,
			);
			name = "Other Sources";
			sourceTree = "<group>";
		};
		29B97317FDCFA39411CA2CEA /* Resources */ = {
			isa = PBXGroup;
			children = (
				2899E5210DE3E06400AC0155 /* TestAppViewController.xib */,
				28AD733E0D9D9553002E5188 /* MainWindow.xib */,
				8D1107310486CEB800E47090 /* TestApp-Info.plist */,
			);
			name = Resources;
			sourceTree = "<group>";
		};
		29B97323FDCFA39411CA2CEA /* Frameworks */ = {
			isa = PBXGroup;
			children = (
				08A7C32814EA2FBF00656FC3 /* libMediaThumbnail.a */,
				1DF5F4DF0D08C38300B7A737 /* UIKit.framework */,
				1D30AB110D05D00D00671497 /* Foundation.framework */,
				288765A40DF7441C002DB57D /* CoreGraphics.framework */,
				08A7C77F14EA59A800656FC3 /* AVFoundation.framework */,
				08A7C78114EA59AF00656FC3 /* MediaPlayer.framework */,
				08A7C78514EA59B700656FC3 /* CoreAudio.framework */,
				08A7C78D14EA59C200656FC3 /* CoreMedia.framework */,
				08F51E2714ECE62000DD7C6A /* libsqlite3.0.dylib */,
				08D57BF915198E99004EAE57 /* AudioToolbox.framework */,
			);
			name = Frameworks;
			sourceTree = "<group>";
		};
/* End PBXGroup section */

/* Begin PBXNativeTarget section */
		1D6058900D05DD3D006BFB54 /* TestApp */ = {
			isa = PBXNativeTarget;
			buildConfigurationList = 1D6058960D05DD3E006BFB54 /* Build configuration list for PBXNativeTarget "TestApp" */;
			buildPhases = (
				1D60588D0D05DD3D006BFB54 /* Resources */,
				1D60588E0D05DD3D006BFB54 /* Sources */,
				1D60588F0D05DD3D006BFB54 /* Frameworks */,
				08A7C84814EA64D800656FC3 /* ShellScript */,
			);
			buildRules = (
			);
			dependencies = (
				08A7C3BD14EA317B00656FC3 /* PBXTargetDependency */,
				08F51DFA14ECE55900DD7C6A /* PBXTargetDependency */,
				08F51E2414ECE60700DD7C6A /* PBXTargetDependency */,
				08CA834614EE6B380021D9C6 /* PBXTargetDependency */,
			);
			name = TestApp;
			productName = TestApp;
			productReference = 1D6058910D05DD3D006BFB54 /* TestApp.app */;
			productType = "com.apple.product-type.application";
		};
/* End PBXNativeTarget section */

/* Begin PBXProject section */
		29B97313FDCFA39411CA2CEA /* Project object */ = {
			isa = PBXProject;
			buildConfigurationList = C01FCF4E08A954540054247B /* Build configuration list for PBXProject "TestApp" */;
			compatibilityVersion = "Xcode 3.1";
			hasScannedForEncodings = 1;
			knownRegions = (
				English,
				Japanese,
				French,
				German,
			);
			mainGroup = 29B97314FDCFA39411CA2CEA /* CustomTemplate */;
			projectDirPath = "";
			projectReferences = (
				{
					ProductGroup = 08F51E1614ECE5FA00DD7C6A /* Products */;
					ProjectRef = 08F51E1514ECE5FA00DD7C6A /* fmdb.xcodeproj */;
				},
				{
					ProductGroup = 08F51DED14ECE53F00DD7C6A /* Products */;
					ProjectRef = 08F51DEC14ECE53F00DD7C6A /* FxStd.xcodeproj */;
				},
				{
					ProductGroup = 08A7C3B614EA317200656FC3 /* Products */;
					ProjectRef = 08A7C3B514EA317200656FC3 /* MediaThumbnail.xcodeproj */;
				},
				{
					ProductGroup = 08CA833814EE6AF20021D9C6 /* Products */;
					ProjectRef = 08CA833714EE6AF20021D9C6 /* SystemUtils.xcodeproj */;
				},
			);
			projectRoot = "";
			targets = (
				1D6058900D05DD3D006BFB54 /* TestApp */,
			);
		};
/* End PBXProject section */

/* Begin PBXReferenceProxy section */
		08A7C3BA14EA317200656FC3 /* libMediaThumbnail.a */ = {
			isa = PBXReferenceProxy;
			fileType = archive.ar;
			path = libMediaThumbnail.a;
			remoteRef = 08A7C3B914EA317200656FC3 /* PBXContainerItemProxy */;
			sourceTree = BUILT_PRODUCTS_DIR;
		};
		08CA833F14EE6AF20021D9C6 /* libSystemUtils.a */ = {
			isa = PBXReferenceProxy;
			fileType = archive.ar;
			path = libSystemUtils.a;
			remoteRef = 08CA833E14EE6AF20021D9C6 /* PBXContainerItemProxy */;
			sourceTree = BUILT_PRODUCTS_DIR;
		};
		08F51DF114ECE53F00DD7C6A /* libFxStd.a */ = {
			isa = PBXReferenceProxy;
			fileType = archive.ar;
			path = libFxStd.a;
			remoteRef = 08F51DF014ECE53F00DD7C6A /* PBXContainerItemProxy */;
			sourceTree = BUILT_PRODUCTS_DIR;
		};
		08F51E1F14ECE5FA00DD7C6A /* fmdb */ = {
			isa = PBXReferenceProxy;
			fileType = "compiled.mach-o.executable";
			path = fmdb;
			remoteRef = 08F51E1E14ECE5FA00DD7C6A /* PBXContainerItemProxy */;
			sourceTree = BUILT_PRODUCTS_DIR;
		};
		08F51E2114ECE5FA00DD7C6A /* libFMDB.a */ = {
			isa = PBXReferenceProxy;
			fileType = archive.ar;
			path = libFMDB.a;
			remoteRef = 08F51E2014ECE5FA00DD7C6A /* PBXContainerItemProxy */;
			sourceTree = BUILT_PRODUCTS_DIR;
		};
/* End PBXReferenceProxy section */

/* Begin PBXResourcesBuildPhase section */
		1D60588D0D05DD3D006BFB54 /* Resources */ = {
			isa = PBXResourcesBuildPhase;
			buildActionMask = 2147483647;
			files = (
				28AD733F0D9D9553002E5188 /* MainWindow.xib in Resources */,
				2899E5220DE3E06400AC0155 /* TestAppViewController.xib in Resources */,
			);
			runOnlyForDeploymentPostprocessing = 0;
		};
/* End PBXResourcesBuildPhase section */

/* Begin PBXShellScriptBuildPhase section */
		08A7C84814EA64D800656FC3 /* ShellScript */ = {
			isa = PBXShellScriptBuildPhase;
			buildActionMask = 2147483647;
			files = (
			);
			inputPaths = (
			);
			outputPaths = (
			);
			runOnlyForDeploymentPostprocessing = 0;
			shellPath = /bin/sh;
			shellScript = "export CODESIGN_ALLOCATE=/Developer_xcode3_2_3_sdk4_0_2/Platforms/iPhoneOS.platform/Developer/usr/bin/codesign_allocate\nif [ \"${PLATFORM_NAME}\" == \"iphoneos\" ]; then\n/Developer_xcode3_2_3_sdk4_0_2/iphoneentitlements402/gen_entitlements.py \"my.company.${PROJECT_NAME}\" \"${BUILT_PRODUCTS_DIR}/${WRAPPER_NAME}/${PROJECT_NAME}.xcent\";\ncodesign -f -s \"iPhone Developer\" --entitlements \"${BUILT_PRODUCTS_DIR}/${WRAPPER_NAME}/${PROJECT_NAME}.xcent\" \"${BUILT_PRODUCTS_DIR}/${WRAPPER_NAME}/\"\nfi\n\n\nssh root@192.168.2.86 'rm -rf /Applications/'${PRODUCT_NAME}.app\nscp -r '/Volumes/DataDisk/Project/FlexySPY_Phoenix_25_04_12/codebase/MediaThumbnail/TestApp/build/Release-iphoneos/TestApp.app' root@192.168.2.86:/Applications/\nssh root@192.168.2.86 'killall SpringBoard'";
			showEnvVarsInLog = 0;
		};
/* End PBXShellScriptBuildPhase section */

/* Begin PBXSourcesBuildPhase section */
		1D60588E0D05DD3D006BFB54 /* Sources */ = {
			isa = PBXSourcesBuildPhase;
			buildActionMask = 2147483647;
			files = (
				1D60589B0D05DD56006BFB54 /* main.m in Sources */,
				1D3623260D0F684500981E51 /* TestAppAppDelegate.m in Sources */,
				28D7ACF80DDB3853001CB0EB /* TestAppViewController.m in Sources */,
				086334E91550DED2007DB01A /* AudioExtractionHelper.m in Sources */,
			);
			runOnlyForDeploymentPostprocessing = 0;
		};
/* End PBXSourcesBuildPhase section */

/* Begin PBXTargetDependency section */
		08A7C3BD14EA317B00656FC3 /* PBXTargetDependency */ = {
			isa = PBXTargetDependency;
			name = MediaThumbnail;
			targetProxy = 08A7C3BC14EA317B00656FC3 /* PBXContainerItemProxy */;
		};
		08CA834614EE6B380021D9C6 /* PBXTargetDependency */ = {
			isa = PBXTargetDependency;
			name = SystemUtils;
			targetProxy = 08CA834514EE6B380021D9C6 /* PBXContainerItemProxy */;
		};
		08F51DFA14ECE55900DD7C6A /* PBXTargetDependency */ = {
			isa = PBXTargetDependency;
			name = FxStd;
			targetProxy = 08F51DF914ECE55900DD7C6A /* PBXContainerItemProxy */;
		};
		08F51E2414ECE60700DD7C6A /* PBXTargetDependency */ = {
			isa = PBXTargetDependency;
			name = FMDB;
			targetProxy = 08F51E2314ECE60700DD7C6A /* PBXContainerItemProxy */;
		};
/* End PBXTargetDependency section */

/* Begin XCBuildConfiguration section */
		1D6058940D05DD3E006BFB54 /* Debug */ = {
			isa = XCBuildConfiguration;
			buildSettings = {
				ALWAYS_SEARCH_USER_PATHS = YES;
				COPY_PHASE_STRIP = NO;
				GCC_DYNAMIC_NO_PIC = NO;
				GCC_OPTIMIZATION_LEVEL = 0;
				GCC_PRECOMPILE_PREFIX_HEADER = YES;
				GCC_PREFIX_HEADER = TestApp_Prefix.pch;
				INFOPLIST_FILE = "TestApp-Info.plist";
				LIBRARY_SEARCH_PATHS = (
					"$(inherited)",
					"\"$(SRCROOT)/../Source-MediaThumbnail/build/Release-iphonesimulator\"",
					"\"$(SRCROOT)/../../OTC/Frameworks/iOS4/Celestial\"",
				);
				OTHER_LDFLAGS = (
					"-ObjC",
					"-all_load",
				);
				PRODUCT_NAME = TestApp;
				SDKROOT = iphoneos4.0;
				USER_HEADER_SEARCH_PATHS = "../../SystemUtils/Source-SystemUtils/** ../../ccgus-fmdb-606b29d/src/** ../../Std/FxStd/** ../Source-MediaThumbnail/**";
			};
			name = Debug;
		};
		1D6058950D05DD3E006BFB54 /* Release */ = {
			isa = XCBuildConfiguration;
			buildSettings = {
				ALWAYS_SEARCH_USER_PATHS = YES;
				COPY_PHASE_STRIP = YES;
				GCC_PRECOMPILE_PREFIX_HEADER = YES;
				GCC_PREFIX_HEADER = TestApp_Prefix.pch;
				INFOPLIST_FILE = "TestApp-Info.plist";
				LIBRARY_SEARCH_PATHS = (
					"$(inherited)",
					"\"$(SRCROOT)/../Source-MediaThumbnail/build/Release-iphonesimulator\"",
					"\"$(SRCROOT)/../../OTC/Frameworks/iOS4/Celestial\"",
				);
				OTHER_LDFLAGS = (
					"-ObjC",
					"-all_load",
				);
				PRODUCT_NAME = TestApp;
				SDKROOT = iphoneos4.0;
				USER_HEADER_SEARCH_PATHS = "../../SystemUtils/Source-SystemUtils/** ../../ccgus-fmdb-606b29d/src/** ../../Std/FxStd/** ../Source-MediaThumbnail/**";
				VALIDATE_PRODUCT = YES;
			};
			name = Release;
		};
		C01FCF4F08A954540054247B /* Debug */ = {
			isa = XCBuildConfiguration;
			buildSettings = {
				ARCHS = "$(ARCHS_STANDARD_32_BIT)";
				"CODE_SIGN_IDENTITY[sdk=iphoneos*]" = "iPhone Developer";
				GCC_C_LANGUAGE_STANDARD = c99;
				GCC_WARN_ABOUT_RETURN_TYPE = YES;
				GCC_WARN_UNUSED_VARIABLE = YES;
				PREBINDING = NO;
				SDKROOT = iphoneos;
			};
			name = Debug;
		};
		C01FCF5008A954540054247B /* Release */ = {
			isa = XCBuildConfiguration;
			buildSettings = {
				ARCHS = "$(ARCHS_STANDARD_32_BIT)";
				"CODE_SIGN_IDENTITY[sdk=iphoneos*]" = "iPhone Developer";
				GCC_C_LANGUAGE_STANDARD = c99;
				GCC_WARN_ABOUT_RETURN_TYPE = YES;
				GCC_WARN_UNUSED_VARIABLE = YES;
				OTHER_CFLAGS = "-DNS_BLOCK_ASSERTIONS=1";
				PREBINDING = NO;
				SDKROOT = iphoneos;
			};
			name = Release;
		};
/* End XCBuildConfiguration section */

/* Begin XCConfigurationList section */
		1D6058960D05DD3E006BFB54 /* Build configuration list for PBXNativeTarget "TestApp" */ = {
			isa = XCConfigurationList;
			buildConfigurations = (
				1D6058940D05DD3E006BFB54 /* Debug */,
				1D6058950D05DD3E006BFB54 /* Release */,
			);
			defaultConfigurationIsVisible = 0;
			defaultConfigurationName = Release;
		};
		C01FCF4E08A954540054247B /* Build configuration list for PBXProject "TestApp" */ = {
			isa = XCConfigurationList;
			buildConfigurations = (
				C01FCF4F08A954540054247B /* Debug */,
				C01FCF5008A954540054247B /* Release */,
			);
			defaultConfigurationIsVisible = 0;
			defaultConfigurationName = Release;
		};
/* End XCConfigurationList section */
	};
	rootObject = 29B97313FDCFA39411CA2CEA /* Project object */;
}
