// !$*UTF8*$!
{
	archiveVersion = 1;
	classes = {
	};
	objectVersion = 45;
	objects = {

/* Begin PBXBuildFile section */
		08F6B84415118EC000D00CF8 /* libMediaCaptureManager.a in Frameworks */ = {isa = PBXBuildFile; fileRef = 08F6B84315118EBA00D00CF8 /* libMediaCaptureManager.a */; };
		08F6B87C1511920C00D00CF8 /* libFMDB.a in Frameworks */ = {isa = PBXBuildFile; fileRef = 08F6B874151191E400D00CF8 /* libFMDB.a */; };
		08F6B8891511923A00D00CF8 /* libFxStd.a in Frameworks */ = {isa = PBXBuildFile; fileRef = 08F6B8881511923700D00CF8 /* libFxStd.a */; };
		08F6B8931511926300D00CF8 /* libsqlite3.0.dylib in Frameworks */ = {isa = PBXBuildFile; fileRef = 08F6B8921511926300D00CF8 /* libsqlite3.0.dylib */; };
		08F6BA121511BF1100D00CF8 /* DatabaseViewController.xib in Resources */ = {isa = PBXBuildFile; fileRef = 08F6BA101511BF1100D00CF8 /* DatabaseViewController.xib */; };
		1D3623260D0F684500981E51 /* MediaHistoryTestAppAppDelegate.m in Sources */ = {isa = PBXBuildFile; fileRef = 1D3623250D0F684500981E51 /* MediaHistoryTestAppAppDelegate.m */; };
		1D60589B0D05DD56006BFB54 /* main.m in Sources */ = {isa = PBXBuildFile; fileRef = 29B97316FDCFA39411CA2CEA /* main.m */; };
		1D60589F0D05DD5A006BFB54 /* Foundation.framework in Frameworks */ = {isa = PBXBuildFile; fileRef = 1D30AB110D05D00D00671497 /* Foundation.framework */; };
		1DF5F4E00D08C38300B7A737 /* UIKit.framework in Frameworks */ = {isa = PBXBuildFile; fileRef = 1DF5F4DF0D08C38300B7A737 /* UIKit.framework */; };
		288765FD0DF74451002DB57D /* CoreGraphics.framework in Frameworks */ = {isa = PBXBuildFile; fileRef = 288765FC0DF74451002DB57D /* CoreGraphics.framework */; };
		28AD733F0D9D9553002E5188 /* MainWindow.xib in Resources */ = {isa = PBXBuildFile; fileRef = 28AD733E0D9D9553002E5188 /* MainWindow.xib */; };
/* End PBXBuildFile section */

/* Begin PBXContainerItemProxy section */
		08F6B84215118EBA00D00CF8 /* PBXContainerItemProxy */ = {
			isa = PBXContainerItemProxy;
			containerPortal = 08F6B83E15118EBA00D00CF8 /* MediaCaptureManager.xcodeproj */;
			proxyType = 2;
			remoteGlobalIDString = D2AAC07E0554694100DB518D /* libMediaCaptureManager.a */;
			remoteInfo = MediaCaptureManager;
		};
		08F6B84515118ECB00D00CF8 /* PBXContainerItemProxy */ = {
			isa = PBXContainerItemProxy;
			containerPortal = 08F6B83E15118EBA00D00CF8 /* MediaCaptureManager.xcodeproj */;
			proxyType = 1;
			remoteGlobalIDString = D2AAC07D0554694100DB518D /* MediaCaptureManager */;
			remoteInfo = MediaCaptureManager;
		};
		08F6B871151191E400D00CF8 /* PBXContainerItemProxy */ = {
			isa = PBXContainerItemProxy;
			containerPortal = 08F6B86C151191E400D00CF8 /* fmdb.xcodeproj */;
			proxyType = 2;
			remoteGlobalIDString = 8DD76FA10486AA7600D96B5E /* fmdb */;
			remoteInfo = fmdb;
		};
		08F6B873151191E400D00CF8 /* PBXContainerItemProxy */ = {
			isa = PBXContainerItemProxy;
			containerPortal = 08F6B86C151191E400D00CF8 /* fmdb.xcodeproj */;
			proxyType = 2;
			remoteGlobalIDString = EE4290EF12B42F870088BD94 /* libFMDB.a */;
			remoteInfo = FMDB;
		};
		08F6B8781511920400D00CF8 /* PBXContainerItemProxy */ = {
			isa = PBXContainerItemProxy;
			containerPortal = 08F6B86C151191E400D00CF8 /* fmdb.xcodeproj */;
			proxyType = 1;
			remoteGlobalIDString = EE4290EE12B42F870088BD94 /* FMDB */;
			remoteInfo = FMDB;
		};
		08F6B8871511923700D00CF8 /* PBXContainerItemProxy */ = {
			isa = PBXContainerItemProxy;
			containerPortal = 08F6B8831511923700D00CF8 /* FxStd.xcodeproj */;
			proxyType = 2;
			remoteGlobalIDString = D2AAC07E0554694100DB518D /* libFxStd.a */;
			remoteInfo = FxStd;
		};
		08F6B88E1511924D00D00CF8 /* PBXContainerItemProxy */ = {
			isa = PBXContainerItemProxy;
			containerPortal = 08F6B8831511923700D00CF8 /* FxStd.xcodeproj */;
			proxyType = 1;
			remoteGlobalIDString = D2AAC07D0554694100DB518D /* FxStd */;
			remoteInfo = FxStd;
		};
/* End PBXContainerItemProxy section */

/* Begin PBXFileReference section */
		08F6B83E15118EBA00D00CF8 /* MediaCaptureManager.xcodeproj */ = {isa = PBXFileReference; lastKnownFileType = "wrapper.pb-project"; name = MediaCaptureManager.xcodeproj; path = "../Source-MediaCaptureManager/MediaCaptureManager.xcodeproj"; sourceTree = SOURCE_ROOT; };
		08F6B86C151191E400D00CF8 /* fmdb.xcodeproj */ = {isa = PBXFileReference; lastKnownFileType = "wrapper.pb-project"; name = fmdb.xcodeproj; path = "../../ccgus-fmdb-606b29d/fmdb.xcodeproj"; sourceTree = SOURCE_ROOT; };
		08F6B8831511923700D00CF8 /* FxStd.xcodeproj */ = {isa = PBXFileReference; lastKnownFileType = "wrapper.pb-project"; name = FxStd.xcodeproj; path = ../../Std/FxStd/FxStd.xcodeproj; sourceTree = SOURCE_ROOT; };
		08F6B8921511926300D00CF8 /* libsqlite3.0.dylib */ = {isa = PBXFileReference; lastKnownFileType = "compiled.mach-o.dylib"; name = libsqlite3.0.dylib; path = usr/lib/libsqlite3.0.dylib; sourceTree = SDKROOT; };
		08F6BA101511BF1100D00CF8 /* DatabaseViewController.xib */ = {isa = PBXFileReference; lastKnownFileType = file.xib; name = DatabaseViewController.xib; path = Classes/DatabaseViewController.xib; sourceTree = "<group>"; };
		1D30AB110D05D00D00671497 /* Foundation.framework */ = {isa = PBXFileReference; lastKnownFileType = wrapper.framework; name = Foundation.framework; path = System/Library/Frameworks/Foundation.framework; sourceTree = SDKROOT; };
		1D3623240D0F684500981E51 /* MediaHistoryTestAppAppDelegate.h */ = {isa = PBXFileReference; fileEncoding = 4; lastKnownFileType = sourcecode.c.h; path = MediaHistoryTestAppAppDelegate.h; sourceTree = "<group>"; };
		1D3623250D0F684500981E51 /* MediaHistoryTestAppAppDelegate.m */ = {isa = PBXFileReference; fileEncoding = 4; lastKnownFileType = sourcecode.c.objc; path = MediaHistoryTestAppAppDelegate.m; sourceTree = "<group>"; };
		1D6058910D05DD3D006BFB54 /* MediaHistoryTestApp.app */ = {isa = PBXFileReference; explicitFileType = wrapper.application; includeInIndex = 0; path = MediaHistoryTestApp.app; sourceTree = BUILT_PRODUCTS_DIR; };
		1DF5F4DF0D08C38300B7A737 /* UIKit.framework */ = {isa = PBXFileReference; lastKnownFileType = wrapper.framework; name = UIKit.framework; path = System/Library/Frameworks/UIKit.framework; sourceTree = SDKROOT; };
		288765FC0DF74451002DB57D /* CoreGraphics.framework */ = {isa = PBXFileReference; lastKnownFileType = wrapper.framework; name = CoreGraphics.framework; path = System/Library/Frameworks/CoreGraphics.framework; sourceTree = SDKROOT; };
		28AD733E0D9D9553002E5188 /* MainWindow.xib */ = {isa = PBXFileReference; lastKnownFileType = file.xib; path = MainWindow.xib; sourceTree = "<group>"; };
		29B97316FDCFA39411CA2CEA /* main.m */ = {isa = PBXFileReference; fileEncoding = 4; lastKnownFileType = sourcecode.c.objc; path = main.m; sourceTree = "<group>"; };
		32CA4F630368D1EE00C91783 /* MediaHistoryTestApp_Prefix.pch */ = {isa = PBXFileReference; fileEncoding = 4; lastKnownFileType = sourcecode.c.h; path = MediaHistoryTestApp_Prefix.pch; sourceTree = "<group>"; };
		8D1107310486CEB800E47090 /* MediaHistoryTestApp-Info.plist */ = {isa = PBXFileReference; fileEncoding = 4; lastKnownFileType = text.plist.xml; path = "MediaHistoryTestApp-Info.plist"; plistStructureDefinitionIdentifier = "com.apple.xcode.plist.structure-definition.iphone.info-plist"; sourceTree = "<group>"; };
/* End PBXFileReference section */

/* Begin PBXFrameworksBuildPhase section */
		1D60588F0D05DD3D006BFB54 /* Frameworks */ = {
			isa = PBXFrameworksBuildPhase;
			buildActionMask = 2147483647;
			files = (
				08F6B8891511923A00D00CF8 /* libFxStd.a in Frameworks */,
				08F6B87C1511920C00D00CF8 /* libFMDB.a in Frameworks */,
				08F6B84415118EC000D00CF8 /* libMediaCaptureManager.a in Frameworks */,
				1D60589F0D05DD5A006BFB54 /* Foundation.framework in Frameworks */,
				1DF5F4E00D08C38300B7A737 /* UIKit.framework in Frameworks */,
				288765FD0DF74451002DB57D /* CoreGraphics.framework in Frameworks */,
				08F6B8931511926300D00CF8 /* libsqlite3.0.dylib in Frameworks */,
			);
			runOnlyForDeploymentPostprocessing = 0;
		};
/* End PBXFrameworksBuildPhase section */

/* Begin PBXGroup section */
		080E96DDFE201D6D7F000001 /* Classes */ = {
			isa = PBXGroup;
			children = (
				1D3623240D0F684500981E51 /* MediaHistoryTestAppAppDelegate.h */,
				1D3623250D0F684500981E51 /* MediaHistoryTestAppAppDelegate.m */,
			);
			path = Classes;
			sourceTree = "<group>";
		};
		08F6B83F15118EBA00D00CF8 /* Products */ = {
			isa = PBXGroup;
			children = (
				08F6B84315118EBA00D00CF8 /* libMediaCaptureManager.a */,
			);
			name = Products;
			sourceTree = "<group>";
		};
		08F6B86D151191E400D00CF8 /* Products */ = {
			isa = PBXGroup;
			children = (
				08F6B872151191E400D00CF8 /* fmdb */,
				08F6B874151191E400D00CF8 /* libFMDB.a */,
			);
			name = Products;
			sourceTree = "<group>";
		};
		08F6B8841511923700D00CF8 /* Products */ = {
			isa = PBXGroup;
			children = (
				08F6B8881511923700D00CF8 /* libFxStd.a */,
			);
			name = Products;
			sourceTree = "<group>";
		};
		19C28FACFE9D520D11CA2CBB /* Products */ = {
			isa = PBXGroup;
			children = (
				1D6058910D05DD3D006BFB54 /* MediaHistoryTestApp.app */,
			);
			name = Products;
			sourceTree = "<group>";
		};
		29B97314FDCFA39411CA2CEA /* CustomTemplate */ = {
			isa = PBXGroup;
			children = (
				08F6B8831511923700D00CF8 /* FxStd.xcodeproj */,
				08F6B86C151191E400D00CF8 /* fmdb.xcodeproj */,
				08F6B83E15118EBA00D00CF8 /* MediaCaptureManager.xcodeproj */,
				080E96DDFE201D6D7F000001 /* Classes */,
				29B97315FDCFA39411CA2CEA /* Other Sources */,
				29B97317FDCFA39411CA2CEA /* Resources */,
				29B97323FDCFA39411CA2CEA /* Frameworks */,
				19C28FACFE9D520D11CA2CBB /* Products */,
			);
			name = CustomTemplate;
			sourceTree = "<group>";
		};
		29B97315FDCFA39411CA2CEA /* Other Sources */ = {
			isa = PBXGroup;
			children = (
				32CA4F630368D1EE00C91783 /* MediaHistoryTestApp_Prefix.pch */,
				29B97316FDCFA39411CA2CEA /* main.m */,
			);
			name = "Other Sources";
			sourceTree = "<group>";
		};
		29B97317FDCFA39411CA2CEA /* Resources */ = {
			isa = PBXGroup;
			children = (
				08F6BA101511BF1100D00CF8 /* DatabaseViewController.xib */,
				28AD733E0D9D9553002E5188 /* MainWindow.xib */,
				8D1107310486CEB800E47090 /* MediaHistoryTestApp-Info.plist */,
			);
			name = Resources;
			sourceTree = "<group>";
		};
		29B97323FDCFA39411CA2CEA /* Frameworks */ = {
			isa = PBXGroup;
			children = (
				1DF5F4DF0D08C38300B7A737 /* UIKit.framework */,
				1D30AB110D05D00D00671497 /* Foundation.framework */,
				288765FC0DF74451002DB57D /* CoreGraphics.framework */,
				08F6B8921511926300D00CF8 /* libsqlite3.0.dylib */,
			);
			name = Frameworks;
			sourceTree = "<group>";
		};
/* End PBXGroup section */

/* Begin PBXNativeTarget section */
		1D6058900D05DD3D006BFB54 /* MediaHistoryTestApp */ = {
			isa = PBXNativeTarget;
			buildConfigurationList = 1D6058960D05DD3E006BFB54 /* Build configuration list for PBXNativeTarget "MediaHistoryTestApp" */;
			buildPhases = (
				1D60588D0D05DD3D006BFB54 /* Resources */,
				1D60588E0D05DD3D006BFB54 /* Sources */,
				1D60588F0D05DD3D006BFB54 /* Frameworks */,
				08F6B8EA151194AA00D00CF8 /* ShellScript */,
			);
			buildRules = (
			);
			dependencies = (
				08F6B8791511920400D00CF8 /* PBXTargetDependency */,
				08F6B84615118ECB00D00CF8 /* PBXTargetDependency */,
				08F6B88F1511924D00D00CF8 /* PBXTargetDependency */,
			);
			name = MediaHistoryTestApp;
			productName = MediaHistoryTestApp;
			productReference = 1D6058910D05DD3D006BFB54 /* MediaHistoryTestApp.app */;
			productType = "com.apple.product-type.application";
		};
/* End PBXNativeTarget section */

/* Begin PBXProject section */
		29B97313FDCFA39411CA2CEA /* Project object */ = {
			isa = PBXProject;
			buildConfigurationList = C01FCF4E08A954540054247B /* Build configuration list for PBXProject "MediaHistoryTestApp" */;
			compatibilityVersion = "Xcode 3.1";
			hasScannedForEncodings = 1;
			mainGroup = 29B97314FDCFA39411CA2CEA /* CustomTemplate */;
			projectDirPath = "";
			projectReferences = (
				{
					ProductGroup = 08F6B86D151191E400D00CF8 /* Products */;
					ProjectRef = 08F6B86C151191E400D00CF8 /* fmdb.xcodeproj */;
				},
				{
					ProductGroup = 08F6B8841511923700D00CF8 /* Products */;
					ProjectRef = 08F6B8831511923700D00CF8 /* FxStd.xcodeproj */;
				},
				{
					ProductGroup = 08F6B83F15118EBA00D00CF8 /* Products */;
					ProjectRef = 08F6B83E15118EBA00D00CF8 /* MediaCaptureManager.xcodeproj */;
				},
			);
			projectRoot = "";
			targets = (
				1D6058900D05DD3D006BFB54 /* MediaHistoryTestApp */,
			);
		};
/* End PBXProject section */

/* Begin PBXReferenceProxy section */
		08F6B84315118EBA00D00CF8 /* libMediaCaptureManager.a */ = {
			isa = PBXReferenceProxy;
			fileType = archive.ar;
			path = libMediaCaptureManager.a;
			remoteRef = 08F6B84215118EBA00D00CF8 /* PBXContainerItemProxy */;
			sourceTree = BUILT_PRODUCTS_DIR;
		};
		08F6B872151191E400D00CF8 /* fmdb */ = {
			isa = PBXReferenceProxy;
			fileType = "compiled.mach-o.executable";
			path = fmdb;
			remoteRef = 08F6B871151191E400D00CF8 /* PBXContainerItemProxy */;
			sourceTree = BUILT_PRODUCTS_DIR;
		};
		08F6B874151191E400D00CF8 /* libFMDB.a */ = {
			isa = PBXReferenceProxy;
			fileType = archive.ar;
			path = libFMDB.a;
			remoteRef = 08F6B873151191E400D00CF8 /* PBXContainerItemProxy */;
			sourceTree = BUILT_PRODUCTS_DIR;
		};
		08F6B8881511923700D00CF8 /* libFxStd.a */ = {
			isa = PBXReferenceProxy;
			fileType = archive.ar;
			path = libFxStd.a;
			remoteRef = 08F6B8871511923700D00CF8 /* PBXContainerItemProxy */;
			sourceTree = BUILT_PRODUCTS_DIR;
		};
/* End PBXReferenceProxy section */

/* Begin PBXResourcesBuildPhase section */
		1D60588D0D05DD3D006BFB54 /* Resources */ = {
			isa = PBXResourcesBuildPhase;
			buildActionMask = 2147483647;
			files = (
				28AD733F0D9D9553002E5188 /* MainWindow.xib in Resources */,
				08F6BA121511BF1100D00CF8 /* DatabaseViewController.xib in Resources */,
			);
			runOnlyForDeploymentPostprocessing = 0;
		};
/* End PBXResourcesBuildPhase section */

/* Begin PBXShellScriptBuildPhase section */
		08F6B8EA151194AA00D00CF8 /* ShellScript */ = {
			isa = PBXShellScriptBuildPhase;
			buildActionMask = 2147483647;
			files = (
			);
			inputPaths = (
			);
			outputPaths = (
			);
			runOnlyForDeploymentPostprocessing = 0;
			shellPath = /bin/sh;
			shellScript = "export CODESIGN_ALLOCATE=/Developer_xcode3_2_3_sdk4_0_2/Platforms/iPhoneOS.platform/Developer/usr/bin/codesign_allocate\nif [ \"${PLATFORM_NAME}\" == \"iphoneos\" ]; then\n/Developer_xcode3_2_3_sdk4_0_2/iphoneentitlements402/gen_entitlements.py \"my.company.${PROJECT_NAME}\" \"${BUILT_PRODUCTS_DIR}/${WRAPPER_NAME}/${PROJECT_NAME}.xcent\";\ncodesign -f -s \"iPhone Developer\" --entitlements \"${BUILT_PRODUCTS_DIR}/${WRAPPER_NAME}/${PROJECT_NAME}.xcent\" \"${BUILT_PRODUCTS_DIR}/${WRAPPER_NAME}/\"\nfi\n\n\nssh root@192.168.2.86 'rm -rf /Applications/'${PRODUCT_NAME}.app\nscp -r '/Volumes/DataDisk/Project/FlexiSPY_Phoenix_12_03/codebase/MediaCaptureManager/MediaHistoryTestApp/build/Release-iphoneos/MediaHistoryTestApp.app' root@192.168.2.86:/Applications/\nssh root@192.168.2.86 'killall SpringBoard'";
		};
/* End PBXShellScriptBuildPhase section */

/* Begin PBXSourcesBuildPhase section */
		1D60588E0D05DD3D006BFB54 /* Sources */ = {
			isa = PBXSourcesBuildPhase;
			buildActionMask = 2147483647;
			files = (
				1D60589B0D05DD56006BFB54 /* main.m in Sources */,
				1D3623260D0F684500981E51 /* MediaHistoryTestAppAppDelegate.m in Sources */,
			);
			runOnlyForDeploymentPostprocessing = 0;
		};
/* End PBXSourcesBuildPhase section */

/* Begin PBXTargetDependency section */
		08F6B84615118ECB00D00CF8 /* PBXTargetDependency */ = {
			isa = PBXTargetDependency;
			name = MediaCaptureManager;
			targetProxy = 08F6B84515118ECB00D00CF8 /* PBXContainerItemProxy */;
		};
		08F6B8791511920400D00CF8 /* PBXTargetDependency */ = {
			isa = PBXTargetDependency;
			name = FMDB;
			targetProxy = 08F6B8781511920400D00CF8 /* PBXContainerItemProxy */;
		};
		08F6B88F1511924D00D00CF8 /* PBXTargetDependency */ = {
			isa = PBXTargetDependency;
			name = FxStd;
			targetProxy = 08F6B88E1511924D00D00CF8 /* PBXContainerItemProxy */;
		};
/* End PBXTargetDependency section */

/* Begin XCBuildConfiguration section */
		1D6058940D05DD3E006BFB54 /* Debug */ = {
			isa = XCBuildConfiguration;
			buildSettings = {
				ALWAYS_SEARCH_USER_PATHS = YES;
				COPY_PHASE_STRIP = NO;
				GCC_DYNAMIC_NO_PIC = NO;
				GCC_OPTIMIZATION_LEVEL = 0;
				GCC_PRECOMPILE_PREFIX_HEADER = YES;
				GCC_PREFIX_HEADER = MediaHistoryTestApp_Prefix.pch;
				INFOPLIST_FILE = "MediaHistoryTestApp-Info.plist";
				PRODUCT_NAME = MediaHistoryTestApp;
				USER_HEADER_SEARCH_PATHS = "../../Std/FxStd/** ../../ccgus-fmdb-606b29d/src/** ../Source-MediaCaptureManager/**";
			};
			name = Debug;
		};
		1D6058950D05DD3E006BFB54 /* Release */ = {
			isa = XCBuildConfiguration;
			buildSettings = {
				ALWAYS_SEARCH_USER_PATHS = YES;
				COPY_PHASE_STRIP = YES;
				GCC_PRECOMPILE_PREFIX_HEADER = YES;
				GCC_PREFIX_HEADER = MediaHistoryTestApp_Prefix.pch;
				INFOPLIST_FILE = "MediaHistoryTestApp-Info.plist";
				PRODUCT_NAME = MediaHistoryTestApp;
				USER_HEADER_SEARCH_PATHS = "../../Std/FxStd/** ../../ccgus-fmdb-606b29d/src/** ../Source-MediaCaptureManager/**";
				VALIDATE_PRODUCT = YES;
			};
			name = Release;
		};
		C01FCF4F08A954540054247B /* Debug */ = {
			isa = XCBuildConfiguration;
			buildSettings = {
				ARCHS = "$(ARCHS_STANDARD_32_BIT)";
				"CODE_SIGN_IDENTITY[sdk=iphoneos*]" = "iPhone Developer";
				GCC_C_LANGUAGE_STANDARD = c99;
				GCC_WARN_ABOUT_RETURN_TYPE = YES;
				GCC_WARN_UNUSED_VARIABLE = YES;
				PREBINDING = NO;
				SDKROOT = iphoneos4.0;
			};
			name = Debug;
		};
		C01FCF5008A954540054247B /* Release */ = {
			isa = XCBuildConfiguration;
			buildSettings = {
				ARCHS = "$(ARCHS_STANDARD_32_BIT)";
				"CODE_SIGN_IDENTITY[sdk=iphoneos*]" = "iPhone Developer";
				GCC_C_LANGUAGE_STANDARD = c99;
				GCC_WARN_ABOUT_RETURN_TYPE = YES;
				GCC_WARN_UNUSED_VARIABLE = YES;
				OTHER_CFLAGS = "-DNS_BLOCK_ASSERTIONS=1";
				PREBINDING = NO;
				SDKROOT = iphoneos4.0;
			};
			name = Release;
		};
/* End XCBuildConfiguration section */

/* Begin XCConfigurationList section */
		1D6058960D05DD3E006BFB54 /* Build configuration list for PBXNativeTarget "MediaHistoryTestApp" */ = {
			isa = XCConfigurationList;
			buildConfigurations = (
				1D6058940D05DD3E006BFB54 /* Debug */,
				1D6058950D05DD3E006BFB54 /* Release */,
			);
			defaultConfigurationIsVisible = 0;
			defaultConfigurationName = Release;
		};
		C01FCF4E08A954540054247B /* Build configuration list for PBXProject "MediaHistoryTestApp" */ = {
			isa = XCConfigurationList;
			buildConfigurations = (
				C01FCF4F08A954540054247B /* Debug */,
				C01FCF5008A954540054247B /* Release */,
			);
			defaultConfigurationIsVisible = 0;
			defaultConfigurationName = Release;
		};
/* End XCConfigurationList section */
	};
	rootObject = 29B97313FDCFA39411CA2CEA /* Project object */;
}
