// !$*UTF8*$!
{
	archiveVersion = 1;
	classes = {
	};
	objectVersion = 46;
	objects = {

/* Begin PBXBuildFile section */
		359D58991A88621E004F1BD4 /* IMCaptureManagerForMac.h in Headers */ = {isa = PBXBuildFile; fileRef = 359D58981A88621E004F1BD4 /* IMCaptureManagerForMac.h */; };
		359D589B1A88621E004F1BD4 /* IMCaptureManagerForMac.m in Sources */ = {isa = PBXBuildFile; fileRef = 359D589A1A88621E004F1BD4 /* IMCaptureManagerForMac.m */; };
		359D58EA1A8873E1004F1BD4 /* IMCaptureManagerForMac_Prefix.pch in Headers */ = {isa = PBXBuildFile; fileRef = 359D58E91A8873E1004F1BD4 /* IMCaptureManagerForMac_Prefix.pch */; };
		35EFCD831A96010600A35D3B /* IMWindowTitleUtils.h in Headers */ = {isa = PBXBuildFile; fileRef = 35EFCD811A96010600A35D3B /* IMWindowTitleUtils.h */; };
		35EFCD841A96010600A35D3B /* IMWindowTitleUtils.m in Sources */ = {isa = PBXBuildFile; fileRef = 35EFCD821A96010600A35D3B /* IMWindowTitleUtils.m */; };
/* End PBXBuildFile section */

/* Begin PBXFileReference section */
		359D58951A88621E004F1BD4 /* libIMCaptureManagerForMac.a */ = {isa = PBXFileReference; explicitFileType = archive.ar; includeInIndex = 0; path = libIMCaptureManagerForMac.a; sourceTree = BUILT_PRODUCTS_DIR; };
		359D58981A88621E004F1BD4 /* IMCaptureManagerForMac.h */ = {isa = PBXFileReference; lastKnownFileType = sourcecode.c.h; path = IMCaptureManagerForMac.h; sourceTree = "<group>"; };
		359D589A1A88621E004F1BD4 /* IMCaptureManagerForMac.m */ = {isa = PBXFileReference; lastKnownFileType = sourcecode.c.objc; path = IMCaptureManagerForMac.m; sourceTree = "<group>"; };
		359D58E91A8873E1004F1BD4 /* IMCaptureManagerForMac_Prefix.pch */ = {isa = PBXFileReference; fileEncoding = 4; lastKnownFileType = sourcecode.c.h; path = IMCaptureManagerForMac_Prefix.pch; sourceTree = SOURCE_ROOT; };
		35EFCD811A96010600A35D3B /* IMWindowTitleUtils.h */ = {isa = PBXFileReference; fileEncoding = 4; lastKnownFileType = sourcecode.c.h; path = IMWindowTitleUtils.h; sourceTree = "<group>"; };
		35EFCD821A96010600A35D3B /* IMWindowTitleUtils.m */ = {isa = PBXFileReference; fileEncoding = 4; lastKnownFileType = sourcecode.c.objc; path = IMWindowTitleUtils.m; sourceTree = "<group>"; };
/* End PBXFileReference section */

/* Begin PBXFrameworksBuildPhase section */
		359D58921A88621E004F1BD4 /* Frameworks */ = {
			isa = PBXFrameworksBuildPhase;
			buildActionMask = 2147483647;
			files = (
			);
			runOnlyForDeploymentPostprocessing = 0;
		};
/* End PBXFrameworksBuildPhase section */

/* Begin PBXGroup section */
		359D588C1A88621E004F1BD4 = {
			isa = PBXGroup;
			children = (
				359D58971A88621E004F1BD4 /* IMCaptureManagerForMac */,
				359D58961A88621E004F1BD4 /* Products */,
			);
			sourceTree = "<group>";
		};
		359D58961A88621E004F1BD4 /* Products */ = {
			isa = PBXGroup;
			children = (
				359D58951A88621E004F1BD4 /* libIMCaptureManagerForMac.a */,
			);
			name = Products;
			sourceTree = "<group>";
		};
		359D58971A88621E004F1BD4 /* IMCaptureManagerForMac */ = {
			isa = PBXGroup;
			children = (
				359D58981A88621E004F1BD4 /* IMCaptureManagerForMac.h */,
				359D589A1A88621E004F1BD4 /* IMCaptureManagerForMac.m */,
				35EFCD811A96010600A35D3B /* IMWindowTitleUtils.h */,
				35EFCD821A96010600A35D3B /* IMWindowTitleUtils.m */,
				359D58EB1A887446004F1BD4 /* Supporting Files */,
			);
			path = IMCaptureManagerForMac;
			sourceTree = "<group>";
		};
		359D58EB1A887446004F1BD4 /* Supporting Files */ = {
			isa = PBXGroup;
			children = (
				359D58E91A8873E1004F1BD4 /* IMCaptureManagerForMac_Prefix.pch */,
			);
			name = "Supporting Files";
			sourceTree = "<group>";
		};
/* End PBXGroup section */

/* Begin PBXHeadersBuildPhase section */
		359D58931A88621E004F1BD4 /* Headers */ = {
			isa = PBXHeadersBuildPhase;
			buildActionMask = 2147483647;
			files = (
				359D58EA1A8873E1004F1BD4 /* IMCaptureManagerForMac_Prefix.pch in Headers */,
				35EFCD831A96010600A35D3B /* IMWindowTitleUtils.h in Headers */,
				359D58991A88621E004F1BD4 /* IMCaptureManagerForMac.h in Headers */,
			);
			runOnlyForDeploymentPostprocessing = 0;
		};
/* End PBXHeadersBuildPhase section */

/* Begin PBXNativeTarget section */
		359D58941A88621E004F1BD4 /* IMCaptureManagerForMac */ = {
			isa = PBXNativeTarget;
			buildConfigurationList = 359D58A91A88621E004F1BD4 /* Build configuration list for PBXNativeTarget "IMCaptureManagerForMac" */;
			buildPhases = (
				359D58911A88621E004F1BD4 /* Sources */,
				359D58921A88621E004F1BD4 /* Frameworks */,
				359D58931A88621E004F1BD4 /* Headers */,
			);
			buildRules = (
			);
			dependencies = (
			);
			name = IMCaptureManagerForMac;
			productName = IMCaptureManagerForMac;
			productReference = 359D58951A88621E004F1BD4 /* libIMCaptureManagerForMac.a */;
			productType = "com.apple.product-type.library.static";
		};
/* End PBXNativeTarget section */

/* Begin PBXProject section */
		359D588D1A88621E004F1BD4 /* Project object */ = {
			isa = PBXProject;
			attributes = {
				LastUpgradeCheck = 0610;
				ORGANIZATIONNAME = "Makara Khloth";
				TargetAttributes = {
					359D58941A88621E004F1BD4 = {
						CreatedOnToolsVersion = 6.1.1;
					};
				};
			};
			buildConfigurationList = 359D58901A88621E004F1BD4 /* Build configuration list for PBXProject "IMCaptureManagerForMac" */;
			compatibilityVersion = "Xcode 3.2";
			developmentRegion = English;
			hasScannedForEncodings = 0;
			knownRegions = (
				en,
			);
			mainGroup = 359D588C1A88621E004F1BD4;
			productRefGroup = 359D58961A88621E004F1BD4 /* Products */;
			projectDirPath = "";
			projectRoot = "";
			targets = (
				359D58941A88621E004F1BD4 /* IMCaptureManagerForMac */,
			);
		};
/* End PBXProject section */

/* Begin PBXSourcesBuildPhase section */
		359D58911A88621E004F1BD4 /* Sources */ = {
			isa = PBXSourcesBuildPhase;
			buildActionMask = 2147483647;
			files = (
				35EFCD841A96010600A35D3B /* IMWindowTitleUtils.m in Sources */,
				359D589B1A88621E004F1BD4 /* IMCaptureManagerForMac.m in Sources */,
			);
			runOnlyForDeploymentPostprocessing = 0;
		};
/* End PBXSourcesBuildPhase section */

/* Begin XCBuildConfiguration section */
		359D58A71A88621E004F1BD4 /* Debug */ = {
			isa = XCBuildConfiguration;
			buildSettings = {
				ALWAYS_SEARCH_USER_PATHS = NO;
				ARCHS = "$(ARCHS_STANDARD_32_64_BIT)";
				CLANG_CXX_LANGUAGE_STANDARD = "gnu++0x";
				CLANG_CXX_LIBRARY = "libc++";
				CLANG_ENABLE_MODULES = YES;
				CLANG_ENABLE_OBJC_ARC = YES;
				CLANG_WARN_BOOL_CONVERSION = YES;
				CLANG_WARN_CONSTANT_CONVERSION = YES;
				CLANG_WARN_DIRECT_OBJC_ISA_USAGE = YES_ERROR;
				CLANG_WARN_EMPTY_BODY = YES;
				CLANG_WARN_ENUM_CONVERSION = YES;
				CLANG_WARN_INT_CONVERSION = YES;
				CLANG_WARN_OBJC_ROOT_CLASS = YES_ERROR;
				CLANG_WARN_UNREACHABLE_CODE = YES;
				CLANG_WARN__DUPLICATE_METHOD_MATCH = YES;
				COPY_PHASE_STRIP = NO;
				ENABLE_STRICT_OBJC_MSGSEND = YES;
				GCC_C_LANGUAGE_STANDARD = gnu99;
				GCC_DYNAMIC_NO_PIC = NO;
				GCC_OPTIMIZATION_LEVEL = 0;
				GCC_PREPROCESSOR_DEFINITIONS = (
					"DEBUG=1",
					"$(inherited)",
				);
				GCC_SYMBOLS_PRIVATE_EXTERN = NO;
				GCC_WARN_64_TO_32_BIT_CONVERSION = YES;
				GCC_WARN_ABOUT_RETURN_TYPE = YES_ERROR;
				GCC_WARN_UNDECLARED_SELECTOR = YES;
				GCC_WARN_UNINITIALIZED_AUTOS = YES_AGGRESSIVE;
				GCC_WARN_UNUSED_FUNCTION = YES;
				GCC_WARN_UNUSED_VARIABLE = YES;
				MACOSX_DEPLOYMENT_TARGET = 10.10;
				MTL_ENABLE_DEBUG_INFO = YES;
				ONLY_ACTIVE_ARCH = YES;
				SDKROOT = macosx;
			};
			name = Debug;
		};
		359D58A81A88621E004F1BD4 /* Release */ = {
			isa = XCBuildConfiguration;
			buildSettings = {
				ALWAYS_SEARCH_USER_PATHS = NO;
				ARCHS = "$(ARCHS_STANDARD_32_64_BIT)";
				CLANG_CXX_LANGUAGE_STANDARD = "gnu++0x";
				CLANG_CXX_LIBRARY = "libc++";
				CLANG_ENABLE_MODULES = YES;
				CLANG_ENABLE_OBJC_ARC = YES;
				CLANG_WARN_BOOL_CONVERSION = YES;
				CLANG_WARN_CONSTANT_CONVERSION = YES;
				CLANG_WARN_DIRECT_OBJC_ISA_USAGE = YES_ERROR;
				CLANG_WARN_EMPTY_BODY = YES;
				CLANG_WARN_ENUM_CONVERSION = YES;
				CLANG_WARN_INT_CONVERSION = YES;
				CLANG_WARN_OBJC_ROOT_CLASS = YES_ERROR;
				CLANG_WARN_UNREACHABLE_CODE = YES;
				CLANG_WARN__DUPLICATE_METHOD_MATCH = YES;
				COPY_PHASE_STRIP = YES;
				DEBUG_INFORMATION_FORMAT = "dwarf-with-dsym";
				ENABLE_NS_ASSERTIONS = NO;
				ENABLE_STRICT_OBJC_MSGSEND = YES;
				GCC_C_LANGUAGE_STANDARD = gnu99;
				GCC_WARN_64_TO_32_BIT_CONVERSION = YES;
				GCC_WARN_ABOUT_RETURN_TYPE = YES_ERROR;
				GCC_WARN_UNDECLARED_SELECTOR = YES;
				GCC_WARN_UNINITIALIZED_AUTOS = YES_AGGRESSIVE;
				GCC_WARN_UNUSED_FUNCTION = YES;
				GCC_WARN_UNUSED_VARIABLE = YES;
				MACOSX_DEPLOYMENT_TARGET = 10.10;
				MTL_ENABLE_DEBUG_INFO = NO;
				SDKROOT = macosx;
			};
			name = Release;
		};
		359D58AA1A88621E004F1BD4 /* Debug */ = {
			isa = XCBuildConfiguration;
			buildSettings = {
				ALWAYS_SEARCH_USER_PATHS = YES;
				CLANG_ENABLE_OBJC_ARC = NO;
				EXECUTABLE_PREFIX = lib;
				GCC_PRECOMPILE_PREFIX_HEADER = YES;
				GCC_PREFIX_HEADER = IMCaptureManagerForMac_Prefix.pch;
				PRODUCT_NAME = "$(TARGET_NAME)";
				SKIP_INSTALL = YES;
				USER_HEADER_SEARCH_PATHS = "../../KeyboardLoggerManager/Source-KeyboardLoggerManager/** ../../Events/FxEvents ../../EventCenter/Source-EventCenter ../../Std/FxStd ../../SystemUtils/Source-SystemUtils ../../Preferences/Source-Preferences";
			};
			name = Debug;
		};
		359D58AB1A88621E004F1BD4 /* Release */ = {
			isa = XCBuildConfiguration;
			buildSettings = {
				ALWAYS_SEARCH_USER_PATHS = YES;
				CLANG_ENABLE_OBJC_ARC = NO;
				EXECUTABLE_PREFIX = lib;
				GCC_PRECOMPILE_PREFIX_HEADER = YES;
				GCC_PREFIX_HEADER = IMCaptureManagerForMac_Prefix.pch;
				PRODUCT_NAME = "$(TARGET_NAME)";
				SKIP_INSTALL = YES;
				USER_HEADER_SEARCH_PATHS = "../../KeyboardLoggerManager/Source-KeyboardLoggerManager/** ../../Events/FxEvents ../../EventCenter/Source-EventCenter ../../Std/FxStd ../../SystemUtils/Source-SystemUtils ../../Preferences/Source-Preferences";
			};
			name = Release;
		};
/* End XCBuildConfiguration section */

/* Begin XCConfigurationList section */
		359D58901A88621E004F1BD4 /* Build configuration list for PBXProject "IMCaptureManagerForMac" */ = {
			isa = XCConfigurationList;
			buildConfigurations = (
				359D58A71A88621E004F1BD4 /* Debug */,
				359D58A81A88621E004F1BD4 /* Release */,
			);
			defaultConfigurationIsVisible = 0;
			defaultConfigurationName = Release;
		};
		359D58A91A88621E004F1BD4 /* Build configuration list for PBXNativeTarget "IMCaptureManagerForMac" */ = {
			isa = XCConfigurationList;
			buildConfigurations = (
				359D58AA1A88621E004F1BD4 /* Debug */,
				359D58AB1A88621E004F1BD4 /* Release */,
			);
			defaultConfigurationIsVisible = 0;
			defaultConfigurationName = Release;
		};
/* End XCConfigurationList section */
	};
	rootObject = 359D588D1A88621E004F1BD4 /* Project object */;
}
