// !$*UTF8*$!
{
	archiveVersion = 1;
	classes = {
	};
	objectVersion = 46;
	objects = {

/* Begin PBXBuildFile section */
		5F2FB2471627F7E200EF1BC1 /* Foundation.framework in Frameworks */ = {isa = PBXBuildFile; fileRef = 5F2FB2461627F7E200EF1BC1 /* Foundation.framework */; };
		5F2FB24A1627F7E200EF1BC1 /* main.m in Sources */ = {isa = PBXBuildFile; fileRef = 5F2FB2491627F7E200EF1BC1 /* main.m */; };
		5F2FB24E1627F7E200EF1BC1 /* UrlProtector.1 in CopyFiles */ = {isa = PBXBuildFile; fileRef = 5F2FB24D1627F7E200EF1BC1 /* UrlProtector.1 */; };
		5F2FB2561627F85500EF1BC1 /* NSData-AES.m in Sources */ = {isa = PBXBuildFile; fileRef = 5F2FB2551627F85500EF1BC1 /* NSData-AES.m */; };
		5F2FB2591627FCF700EF1BC1 /* FileGenerator.m in Sources */ = {isa = PBXBuildFile; fileRef = 5F2FB2581627FCF700EF1BC1 /* FileGenerator.m */; };
		5F3EC32B1629687000940431 /* NSString+FormatWithNSArray.m in Sources */ = {isa = PBXBuildFile; fileRef = 5F3EC32A1629687000940431 /* NSString+FormatWithNSArray.m */; };
		5F96BEA1162ACFDE006F58BA /* SenTestingKit.framework in Frameworks */ = {isa = PBXBuildFile; fileRef = 5F96BEA0162ACFDE006F58BA /* SenTestingKit.framework */; };
		5F96BEA3162ACFDF006F58BA /* Cocoa.framework in Frameworks */ = {isa = PBXBuildFile; fileRef = 5F96BEA2162ACFDE006F58BA /* Cocoa.framework */; };
		5F96BEAD162ACFDF006F58BA /* InfoPlist.strings in Resources */ = {isa = PBXBuildFile; fileRef = 5F96BEAB162ACFDF006F58BA /* InfoPlist.strings */; };
		5F96BEB0162ACFDF006F58BA /* LogicTests.m in Sources */ = {isa = PBXBuildFile; fileRef = 5F96BEAF162ACFDF006F58BA /* LogicTests.m */; };
/* End PBXBuildFile section */

/* Begin PBXCopyFilesBuildPhase section */
		5F2FB2401627F7E200EF1BC1 /* CopyFiles */ = {
			isa = PBXCopyFilesBuildPhase;
			buildActionMask = 2147483647;
			dstPath = /usr/share/man/man1/;
			dstSubfolderSpec = 0;
			files = (
				5F2FB24E1627F7E200EF1BC1 /* UrlProtector.1 in CopyFiles */,
			);
			runOnlyForDeploymentPostprocessing = 1;
		};
/* End PBXCopyFilesBuildPhase section */

/* Begin PBXFileReference section */
		5F2FB2421627F7E200EF1BC1 /* UrlProtector */ = {isa = PBXFileReference; explicitFileType = "compiled.mach-o.executable"; includeInIndex = 0; path = UrlProtector; sourceTree = BUILT_PRODUCTS_DIR; };
		5F2FB2461627F7E200EF1BC1 /* Foundation.framework */ = {isa = PBXFileReference; lastKnownFileType = wrapper.framework; name = Foundation.framework; path = System/Library/Frameworks/Foundation.framework; sourceTree = SDKROOT; };
		5F2FB2491627F7E200EF1BC1 /* main.m */ = {isa = PBXFileReference; lastKnownFileType = sourcecode.c.objc; path = main.m; sourceTree = "<group>"; };
		5F2FB24C1627F7E200EF1BC1 /* UrlProtector-Prefix.pch */ = {isa = PBXFileReference; lastKnownFileType = sourcecode.c.h; path = "UrlProtector-Prefix.pch"; sourceTree = "<group>"; };
		5F2FB24D1627F7E200EF1BC1 /* UrlProtector.1 */ = {isa = PBXFileReference; lastKnownFileType = text.man; path = UrlProtector.1; sourceTree = "<group>"; };
		5F2FB2541627F85500EF1BC1 /* NSData-AES.h */ = {isa = PBXFileReference; fileEncoding = 4; lastKnownFileType = sourcecode.c.h; path = "NSData-AES.h"; sourceTree = "<group>"; };
		5F2FB2551627F85500EF1BC1 /* NSData-AES.m */ = {isa = PBXFileReference; fileEncoding = 4; lastKnownFileType = sourcecode.c.objc; path = "NSData-AES.m"; sourceTree = "<group>"; };
		5F2FB2571627FCF700EF1BC1 /* FileGenerator.h */ = {isa = PBXFileReference; fileEncoding = 4; lastKnownFileType = sourcecode.c.h; path = FileGenerator.h; sourceTree = "<group>"; };
		5F2FB2581627FCF700EF1BC1 /* FileGenerator.m */ = {isa = PBXFileReference; fileEncoding = 4; lastKnownFileType = sourcecode.c.objc; path = FileGenerator.m; sourceTree = "<group>"; };
		5F3EC3291629687000940431 /* NSString+FormatWithNSArray.h */ = {isa = PBXFileReference; fileEncoding = 4; lastKnownFileType = sourcecode.c.h; path = "NSString+FormatWithNSArray.h"; sourceTree = "<group>"; };
		5F3EC32A1629687000940431 /* NSString+FormatWithNSArray.m */ = {isa = PBXFileReference; fileEncoding = 4; lastKnownFileType = sourcecode.c.objc; path = "NSString+FormatWithNSArray.m"; sourceTree = "<group>"; };
		5F96BE9F162ACFDE006F58BA /* LogicTests.octest */ = {isa = PBXFileReference; explicitFileType = wrapper.cfbundle; includeInIndex = 0; path = LogicTests.octest; sourceTree = BUILT_PRODUCTS_DIR; };
		5F96BEA0162ACFDE006F58BA /* SenTestingKit.framework */ = {isa = PBXFileReference; lastKnownFileType = wrapper.framework; name = SenTestingKit.framework; path = Library/Frameworks/SenTestingKit.framework; sourceTree = DEVELOPER_DIR; };
		5F96BEA2162ACFDE006F58BA /* Cocoa.framework */ = {isa = PBXFileReference; lastKnownFileType = wrapper.framework; name = Cocoa.framework; path = Library/Frameworks/Cocoa.framework; sourceTree = DEVELOPER_DIR; };
		5F96BEA5162ACFDF006F58BA /* AppKit.framework */ = {isa = PBXFileReference; lastKnownFileType = wrapper.framework; name = AppKit.framework; path = Library/Frameworks/AppKit.framework; sourceTree = SDKROOT; };
		5F96BEA6162ACFDF006F58BA /* CoreData.framework */ = {isa = PBXFileReference; lastKnownFileType = wrapper.framework; name = CoreData.framework; path = Library/Frameworks/CoreData.framework; sourceTree = SDKROOT; };
		5F96BEA7162ACFDF006F58BA /* Foundation.framework */ = {isa = PBXFileReference; lastKnownFileType = wrapper.framework; name = Foundation.framework; path = Library/Frameworks/Foundation.framework; sourceTree = SDKROOT; };
		5F96BEAA162ACFDF006F58BA /* LogicTests-Info.plist */ = {isa = PBXFileReference; lastKnownFileType = text.plist.xml; path = "LogicTests-Info.plist"; sourceTree = "<group>"; };
		5F96BEAC162ACFDF006F58BA /* en */ = {isa = PBXFileReference; lastKnownFileType = text.plist.strings; name = en; path = en.lproj/InfoPlist.strings; sourceTree = "<group>"; };
		5F96BEAE162ACFDF006F58BA /* LogicTests.h */ = {isa = PBXFileReference; lastKnownFileType = sourcecode.c.h; path = LogicTests.h; sourceTree = "<group>"; };
		5F96BEAF162ACFDF006F58BA /* LogicTests.m */ = {isa = PBXFileReference; lastKnownFileType = sourcecode.c.objc; path = LogicTests.m; sourceTree = "<group>"; };
		5F96BEB1162ACFDF006F58BA /* LogicTests-Prefix.pch */ = {isa = PBXFileReference; lastKnownFileType = sourcecode.c.h; path = "LogicTests-Prefix.pch"; sourceTree = "<group>"; };
/* End PBXFileReference section */

/* Begin PBXFrameworksBuildPhase section */
		5F2FB23F1627F7E200EF1BC1 /* Frameworks */ = {
			isa = PBXFrameworksBuildPhase;
			buildActionMask = 2147483647;
			files = (
				5F2FB2471627F7E200EF1BC1 /* Foundation.framework in Frameworks */,
			);
			runOnlyForDeploymentPostprocessing = 0;
		};
		5F96BE9B162ACFDE006F58BA /* Frameworks */ = {
			isa = PBXFrameworksBuildPhase;
			buildActionMask = 2147483647;
			files = (
				5F96BEA1162ACFDE006F58BA /* SenTestingKit.framework in Frameworks */,
				5F96BEA3162ACFDF006F58BA /* Cocoa.framework in Frameworks */,
			);
			runOnlyForDeploymentPostprocessing = 0;
		};
/* End PBXFrameworksBuildPhase section */

/* Begin PBXGroup section */
		5F2FB2371627F7E200EF1BC1 = {
			isa = PBXGroup;
			children = (
				5F2FB2481627F7E200EF1BC1 /* UrlProtector */,
				5F96BEA8162ACFDF006F58BA /* LogicTests */,
				5F2FB2451627F7E200EF1BC1 /* Frameworks */,
				5F2FB2431627F7E200EF1BC1 /* Products */,
			);
			sourceTree = "<group>";
		};
		5F2FB2431627F7E200EF1BC1 /* Products */ = {
			isa = PBXGroup;
			children = (
				5F2FB2421627F7E200EF1BC1 /* UrlProtector */,
				5F96BE9F162ACFDE006F58BA /* LogicTests.octest */,
			);
			name = Products;
			sourceTree = "<group>";
		};
		5F2FB2451627F7E200EF1BC1 /* Frameworks */ = {
			isa = PBXGroup;
			children = (
				5F2FB2461627F7E200EF1BC1 /* Foundation.framework */,
				5F96BEA0162ACFDE006F58BA /* SenTestingKit.framework */,
				5F96BEA2162ACFDE006F58BA /* Cocoa.framework */,
				5F96BEA4162ACFDF006F58BA /* Other Frameworks */,
			);
			name = Frameworks;
			sourceTree = "<group>";
		};
		5F2FB2481627F7E200EF1BC1 /* UrlProtector */ = {
			isa = PBXGroup;
			children = (
				5F2FB2491627F7E200EF1BC1 /* main.m */,
				5F2FB24D1627F7E200EF1BC1 /* UrlProtector.1 */,
				5F2FB2541627F85500EF1BC1 /* NSData-AES.h */,
				5F2FB2551627F85500EF1BC1 /* NSData-AES.m */,
				5F2FB24B1627F7E200EF1BC1 /* Supporting Files */,
				5F2FB2571627FCF700EF1BC1 /* FileGenerator.h */,
				5F2FB2581627FCF700EF1BC1 /* FileGenerator.m */,
				5F3EC3291629687000940431 /* NSString+FormatWithNSArray.h */,
				5F3EC32A1629687000940431 /* NSString+FormatWithNSArray.m */,
			);
			path = UrlProtector;
			sourceTree = "<group>";
		};
		5F2FB24B1627F7E200EF1BC1 /* Supporting Files */ = {
			isa = PBXGroup;
			children = (
				5F2FB24C1627F7E200EF1BC1 /* UrlProtector-Prefix.pch */,
			);
			name = "Supporting Files";
			sourceTree = "<group>";
		};
		5F96BEA4162ACFDF006F58BA /* Other Frameworks */ = {
			isa = PBXGroup;
			children = (
				5F96BEA5162ACFDF006F58BA /* AppKit.framework */,
				5F96BEA6162ACFDF006F58BA /* CoreData.framework */,
				5F96BEA7162ACFDF006F58BA /* Foundation.framework */,
			);
			name = "Other Frameworks";
			sourceTree = "<group>";
		};
		5F96BEA8162ACFDF006F58BA /* LogicTests */ = {
			isa = PBXGroup;
			children = (
				5F96BEAE162ACFDF006F58BA /* LogicTests.h */,
				5F96BEAF162ACFDF006F58BA /* LogicTests.m */,
				5F96BEA9162ACFDF006F58BA /* Supporting Files */,
			);
			path = LogicTests;
			sourceTree = "<group>";
		};
		5F96BEA9162ACFDF006F58BA /* Supporting Files */ = {
			isa = PBXGroup;
			children = (
				5F96BEAA162ACFDF006F58BA /* LogicTests-Info.plist */,
				5F96BEAB162ACFDF006F58BA /* InfoPlist.strings */,
				5F96BEB1162ACFDF006F58BA /* LogicTests-Prefix.pch */,
			);
			name = "Supporting Files";
			sourceTree = "<group>";
		};
/* End PBXGroup section */

/* Begin PBXNativeTarget section */
		5F2FB2411627F7E200EF1BC1 /* UrlProtector */ = {
			isa = PBXNativeTarget;
			buildConfigurationList = 5F2FB2511627F7E200EF1BC1 /* Build configuration list for PBXNativeTarget "UrlProtector" */;
			buildPhases = (
				5F2FB23E1627F7E200EF1BC1 /* Sources */,
				5F2FB23F1627F7E200EF1BC1 /* Frameworks */,
				5F2FB2401627F7E200EF1BC1 /* CopyFiles */,
			);
			buildRules = (
			);
			dependencies = (
			);
			name = UrlProtector;
			productName = UrlProtector;
			productReference = 5F2FB2421627F7E200EF1BC1 /* UrlProtector */;
			productType = "com.apple.product-type.tool";
		};
		5F96BE9E162ACFDE006F58BA /* LogicTests */ = {
			isa = PBXNativeTarget;
			buildConfigurationList = 5F96BEB4162ACFDF006F58BA /* Build configuration list for PBXNativeTarget "LogicTests" */;
			buildPhases = (
				5F96BE9A162ACFDE006F58BA /* Sources */,
				5F96BE9B162ACFDE006F58BA /* Frameworks */,
				5F96BE9C162ACFDE006F58BA /* Resources */,
				5F96BE9D162ACFDE006F58BA /* ShellScript */,
			);
			buildRules = (
			);
			dependencies = (
			);
			name = LogicTests;
			productName = LogicTests;
			productReference = 5F96BE9F162ACFDE006F58BA /* LogicTests.octest */;
			productType = "com.apple.product-type.bundle";
		};
/* End PBXNativeTarget section */

/* Begin PBXProject section */
		5F2FB2391627F7E200EF1BC1 /* Project object */ = {
			isa = PBXProject;
			attributes = {
				LastUpgradeCheck = 0420;
			};
			buildConfigurationList = 5F2FB23C1627F7E200EF1BC1 /* Build configuration list for PBXProject "UrlProtector" */;
			compatibilityVersion = "Xcode 3.2";
			developmentRegion = English;
			hasScannedForEncodings = 0;
			knownRegions = (
				en,
			);
			mainGroup = 5F2FB2371627F7E200EF1BC1;
			productRefGroup = 5F2FB2431627F7E200EF1BC1 /* Products */;
			projectDirPath = "";
			projectRoot = "";
			targets = (
				5F2FB2411627F7E200EF1BC1 /* UrlProtector */,
				5F96BE9E162ACFDE006F58BA /* LogicTests */,
			);
		};
/* End PBXProject section */

/* Begin PBXResourcesBuildPhase section */
		5F96BE9C162ACFDE006F58BA /* Resources */ = {
			isa = PBXResourcesBuildPhase;
			buildActionMask = 2147483647;
			files = (
				5F96BEAD162ACFDF006F58BA /* InfoPlist.strings in Resources */,
			);
			runOnlyForDeploymentPostprocessing = 0;
		};
/* End PBXResourcesBuildPhase section */

/* Begin PBXShellScriptBuildPhase section */
		5F96BE9D162ACFDE006F58BA /* ShellScript */ = {
			isa = PBXShellScriptBuildPhase;
			buildActionMask = 2147483647;
			files = (
			);
			inputPaths = (
			);
			outputPaths = (
			);
			runOnlyForDeploymentPostprocessing = 0;
			shellPath = /bin/sh;
			shellScript = "# Run the unit tests in this test bundle.\n\"${SYSTEM_DEVELOPER_DIR}/Tools/RunUnitTests\"\n";
		};
/* End PBXShellScriptBuildPhase section */

/* Begin PBXSourcesBuildPhase section */
		5F2FB23E1627F7E200EF1BC1 /* Sources */ = {
			isa = PBXSourcesBuildPhase;
			buildActionMask = 2147483647;
			files = (
				5F2FB24A1627F7E200EF1BC1 /* main.m in Sources */,
				5F2FB2561627F85500EF1BC1 /* NSData-AES.m in Sources */,
				5F2FB2591627FCF700EF1BC1 /* FileGenerator.m in Sources */,
				5F3EC32B1629687000940431 /* NSString+FormatWithNSArray.m in Sources */,
			);
			runOnlyForDeploymentPostprocessing = 0;
		};
		5F96BE9A162ACFDE006F58BA /* Sources */ = {
			isa = PBXSourcesBuildPhase;
			buildActionMask = 2147483647;
			files = (
				5F96BEB0162ACFDF006F58BA /* LogicTests.m in Sources */,
			);
			runOnlyForDeploymentPostprocessing = 0;
		};
/* End PBXSourcesBuildPhase section */

/* Begin PBXVariantGroup section */
		5F96BEAB162ACFDF006F58BA /* InfoPlist.strings */ = {
			isa = PBXVariantGroup;
			children = (
				5F96BEAC162ACFDF006F58BA /* en */,
			);
			name = InfoPlist.strings;
			sourceTree = "<group>";
		};
/* End PBXVariantGroup section */

/* Begin XCBuildConfiguration section */
		5F2FB24F1627F7E200EF1BC1 /* Debug */ = {
			isa = XCBuildConfiguration;
			buildSettings = {
				ALWAYS_SEARCH_USER_PATHS = NO;
				ARCHS = "$(ARCHS_STANDARD_64_BIT)";
				COPY_PHASE_STRIP = NO;
				GCC_C_LANGUAGE_STANDARD = gnu99;
				GCC_DYNAMIC_NO_PIC = NO;
				GCC_ENABLE_OBJC_EXCEPTIONS = YES;
				GCC_OPTIMIZATION_LEVEL = 0;
				GCC_PREPROCESSOR_DEFINITIONS = (
					"DEBUG=1",
					"$(inherited)",
				);
				GCC_SYMBOLS_PRIVATE_EXTERN = NO;
				GCC_VERSION = com.apple.compilers.llvm.clang.1_0;
				GCC_WARN_64_TO_32_BIT_CONVERSION = YES;
				GCC_WARN_ABOUT_MISSING_PROTOTYPES = YES;
				GCC_WARN_ABOUT_RETURN_TYPE = YES;
				GCC_WARN_UNUSED_VARIABLE = YES;
				MACOSX_DEPLOYMENT_TARGET = 10.6;
				ONLY_ACTIVE_ARCH = YES;
				SDKROOT = macosx;
			};
			name = Debug;
		};
		5F2FB2501627F7E200EF1BC1 /* Release */ = {
			isa = XCBuildConfiguration;
			buildSettings = {
				ALWAYS_SEARCH_USER_PATHS = NO;
				ARCHS = "$(ARCHS_STANDARD_64_BIT)";
				COPY_PHASE_STRIP = YES;
				DEBUG_INFORMATION_FORMAT = "dwarf-with-dsym";
				GCC_C_LANGUAGE_STANDARD = gnu99;
				GCC_ENABLE_OBJC_EXCEPTIONS = YES;
				GCC_VERSION = com.apple.compilers.llvm.clang.1_0;
				GCC_WARN_64_TO_32_BIT_CONVERSION = YES;
				GCC_WARN_ABOUT_MISSING_PROTOTYPES = YES;
				GCC_WARN_ABOUT_RETURN_TYPE = YES;
				GCC_WARN_UNUSED_VARIABLE = YES;
				MACOSX_DEPLOYMENT_TARGET = 10.6;
				SDKROOT = macosx;
			};
			name = Release;
		};
		5F2FB2521627F7E200EF1BC1 /* Debug */ = {
			isa = XCBuildConfiguration;
			buildSettings = {
				GCC_PRECOMPILE_PREFIX_HEADER = YES;
				GCC_PREFIX_HEADER = "UrlProtector/UrlProtector-Prefix.pch";
				GCC_VERSION = com.apple.compilers.llvm.clang.1_0;
				PRODUCT_NAME = "$(TARGET_NAME)";
			};
			name = Debug;
		};
		5F2FB2531627F7E200EF1BC1 /* Release */ = {
			isa = XCBuildConfiguration;
			buildSettings = {
				GCC_PRECOMPILE_PREFIX_HEADER = YES;
				GCC_PREFIX_HEADER = "UrlProtector/UrlProtector-Prefix.pch";
				GCC_VERSION = com.apple.compilers.llvm.clang.1_0;
				PRODUCT_NAME = "$(TARGET_NAME)";
			};
			name = Release;
		};
		5F96BEB2162ACFDF006F58BA /* Debug */ = {
			isa = XCBuildConfiguration;
			buildSettings = {
				FRAMEWORK_SEARCH_PATHS = "$(DEVELOPER_LIBRARY_DIR)/Frameworks";
				GCC_PRECOMPILE_PREFIX_HEADER = YES;
				GCC_PREFIX_HEADER = "LogicTests/LogicTests-Prefix.pch";
				INFOPLIST_FILE = "LogicTests/LogicTests-Info.plist";
				PRODUCT_NAME = "$(TARGET_NAME)";
				WRAPPER_EXTENSION = octest;
			};
			name = Debug;
		};
		5F96BEB3162ACFDF006F58BA /* Release */ = {
			isa = XCBuildConfiguration;
			buildSettings = {
				FRAMEWORK_SEARCH_PATHS = "$(DEVELOPER_LIBRARY_DIR)/Frameworks";
				GCC_PRECOMPILE_PREFIX_HEADER = YES;
				GCC_PREFIX_HEADER = "LogicTests/LogicTests-Prefix.pch";
				INFOPLIST_FILE = "LogicTests/LogicTests-Info.plist";
				PRODUCT_NAME = "$(TARGET_NAME)";
				WRAPPER_EXTENSION = octest;
			};
			name = Release;
		};
/* End XCBuildConfiguration section */

/* Begin XCConfigurationList section */
		5F2FB23C1627F7E200EF1BC1 /* Build configuration list for PBXProject "UrlProtector" */ = {
			isa = XCConfigurationList;
			buildConfigurations = (
				5F2FB24F1627F7E200EF1BC1 /* Debug */,
				5F2FB2501627F7E200EF1BC1 /* Release */,
			);
			defaultConfigurationIsVisible = 0;
			defaultConfigurationName = Release;
		};
		5F2FB2511627F7E200EF1BC1 /* Build configuration list for PBXNativeTarget "UrlProtector" */ = {
			isa = XCConfigurationList;
			buildConfigurations = (
				5F2FB2521627F7E200EF1BC1 /* Debug */,
				5F2FB2531627F7E200EF1BC1 /* Release */,
			);
			defaultConfigurationIsVisible = 0;
			defaultConfigurationName = Release;
		};
		5F96BEB4162ACFDF006F58BA /* Build configuration list for PBXNativeTarget "LogicTests" */ = {
			isa = XCConfigurationList;
			buildConfigurations = (
				5F96BEB2162ACFDF006F58BA /* Debug */,
				5F96BEB3162ACFDF006F58BA /* Release */,
			);
			defaultConfigurationIsVisible = 0;
		};
/* End XCConfigurationList section */
	};
	rootObject = 5F2FB2391627F7E200EF1BC1 /* Project object */;
}
