// !$*UTF8*$!
{
	archiveVersion = 1;
	classes = {
	};
	objectVersion = 45;
	objects = {

/* Begin PBXBuildFile section */
		085723831A2DCBB9006CE713 /* UIKit.framework in Frameworks */ = {isa = PBXBuildFile; fileRef = 085723821A2DCBB9006CE713 /* UIKit.framework */; };
		085723851A2DCBC5006CE713 /* CoreTelephony.framework in Frameworks */ = {isa = PBXBuildFile; fileRef = 085723841A2DCBC5006CE713 /* CoreTelephony.framework */; };
		085723871A2DCBE4006CE713 /* CoreTelephony in Frameworks */ = {isa = PBXBuildFile; fileRef = 085723861A2DCBE4006CE713 /* CoreTelephony */; };
		1D60589B0D05DD56006BFB54 /* main.m in Sources */ = {isa = PBXBuildFile; fileRef = 29B97316FDCFA39411CA2CEA /* main.m */; };
		35EDFC8A16B12D8F00309EA7 /* libsqlite3.0.dylib in Frameworks */ = {isa = PBXBuildFile; fileRef = 35EDFC8916B12D8F00309EA7 /* libsqlite3.0.dylib */; };
		35EDFC8F16B12DA300309EA7 /* Foundation.framework in Frameworks */ = {isa = PBXBuildFile; fileRef = 35EDFC8E16B12DA300309EA7 /* Foundation.framework */; };
		35EDFC9D16B12E4500309EA7 /* CoreTelephony in Frameworks */ = {isa = PBXBuildFile; fileRef = 35EDFC9C16B12E4500309EA7 /* CoreTelephony */; };
		EDA8B3C91486150D0033B309 /* libFMDB.a in Frameworks */ = {isa = PBXBuildFile; fileRef = EDA8B3C8148614FA0033B309 /* libFMDB.a */; };
		EDA8B3CA148615110033B309 /* libFxEvents.a in Frameworks */ = {isa = PBXBuildFile; fileRef = EDA8B3BC148614E80033B309 /* libFxEvents.a */; };
		EDA8B3CB148615150033B309 /* libEventCenter.a in Frameworks */ = {isa = PBXBuildFile; fileRef = EDA8B3B3148614D10033B309 /* libEventCenter.a */; };
		EDA8B3CC148615190033B309 /* libTelephonyNotification.a in Frameworks */ = {isa = PBXBuildFile; fileRef = EDA8B3AA148614C30033B309 /* libTelephonyNotification.a */; };
		EDA8B3CD1486151C0033B309 /* libCallLogCapture.a in Frameworks */ = {isa = PBXBuildFile; fileRef = EDA8B3A0148614AE0033B309 /* libCallLogCapture.a */; };
		EDA8B3CE148615200033B309 /* libFxStd.a in Frameworks */ = {isa = PBXBuildFile; fileRef = EDA8B3981486149F0033B309 /* libFxStd.a */; };
		EDFC93361487941600D604FC /* libABContactsManager.a in Frameworks */ = {isa = PBXBuildFile; fileRef = EDFC92E81487930000D604FC /* libABContactsManager.a */; };
/* End PBXBuildFile section */

/* Begin PBXContainerItemProxy section */
		085723761A2DC9FE006CE713 /* PBXContainerItemProxy */ = {
			isa = PBXContainerItemProxy;
			containerPortal = EDA8B3AB148614D10033B309 /* EventCenter.xcodeproj */;
			proxyType = 2;
			remoteGlobalIDString = 0819FA3317F9340300DDE835;
			remoteInfo = EventCenterMac;
		};
		0857237A1A2DC9FE006CE713 /* PBXContainerItemProxy */ = {
			isa = PBXContainerItemProxy;
			containerPortal = EDA8B3BD148614FA0033B309 /* fmdb.xcodeproj */;
			proxyType = 2;
			remoteGlobalIDString = 08A4D04B18029C15004A2589;
			remoteInfo = FMDBMac;
		};
		0857237D1A2DC9FE006CE713 /* PBXContainerItemProxy */ = {
			isa = PBXContainerItemProxy;
			containerPortal = EDA8B3B4148614E80033B309 /* FxEvents.xcodeproj */;
			proxyType = 2;
			remoteGlobalIDString = 08629AF417F957080085D580;
			remoteInfo = FxEventsMac;
		};
		085723801A2DC9FE006CE713 /* PBXContainerItemProxy */ = {
			isa = PBXContainerItemProxy;
			containerPortal = EDA8B3901486149F0033B309 /* FxStd.xcodeproj */;
			proxyType = 2;
			remoteGlobalIDString = 0885379A17F98FC900AB08F2;
			remoteInfo = FxStdMac;
		};
		35EDFC5E16B12D4600309EA7 /* PBXContainerItemProxy */ = {
			isa = PBXContainerItemProxy;
			containerPortal = EDA8B3A1148614C30033B309 /* TelephonyNotification.xcodeproj */;
			proxyType = 1;
			remoteGlobalIDString = D2AAC07D0554694100DB518D;
			remoteInfo = TelephonyNotification;
		};
		35EDFC6016B12D4900309EA7 /* PBXContainerItemProxy */ = {
			isa = PBXContainerItemProxy;
			containerPortal = EDA8B3BD148614FA0033B309 /* fmdb.xcodeproj */;
			proxyType = 1;
			remoteGlobalIDString = EE4290EE12B42F870088BD94;
			remoteInfo = FMDB;
		};
		35EDFC6216B12D4D00309EA7 /* PBXContainerItemProxy */ = {
			isa = PBXContainerItemProxy;
			containerPortal = EDA8B39B148614AE0033B309 /* CallLogCapture.xcodeproj */;
			proxyType = 1;
			remoteGlobalIDString = D2AAC07D0554694100DB518D;
			remoteInfo = CallLogCapture;
		};
		35EDFC6416B12D4F00309EA7 /* PBXContainerItemProxy */ = {
			isa = PBXContainerItemProxy;
			containerPortal = EDA8B3B4148614E80033B309 /* FxEvents.xcodeproj */;
			proxyType = 1;
			remoteGlobalIDString = D2AAC07D0554694100DB518D;
			remoteInfo = FxEvents;
		};
		35EDFC6616B12D5200309EA7 /* PBXContainerItemProxy */ = {
			isa = PBXContainerItemProxy;
			containerPortal = EDA8B3901486149F0033B309 /* FxStd.xcodeproj */;
			proxyType = 1;
			remoteGlobalIDString = D2AAC07D0554694100DB518D;
			remoteInfo = FxStd;
		};
		35EDFC6816B12D5500309EA7 /* PBXContainerItemProxy */ = {
			isa = PBXContainerItemProxy;
			containerPortal = EDFC92E01487930000D604FC /* ABContactsManager.xcodeproj */;
			proxyType = 1;
			remoteGlobalIDString = D2AAC07D0554694100DB518D;
			remoteInfo = ABContactsManager;
		};
		35EDFC6A16B12D5800309EA7 /* PBXContainerItemProxy */ = {
			isa = PBXContainerItemProxy;
			containerPortal = EDA8B3AB148614D10033B309 /* EventCenter.xcodeproj */;
			proxyType = 1;
			remoteGlobalIDString = D2AAC07D0554694100DB518D;
			remoteInfo = EventCenter;
		};
		EDA8B3971486149F0033B309 /* PBXContainerItemProxy */ = {
			isa = PBXContainerItemProxy;
			containerPortal = EDA8B3901486149F0033B309 /* FxStd.xcodeproj */;
			proxyType = 2;
			remoteGlobalIDString = D2AAC07E0554694100DB518D;
			remoteInfo = FxStd;
		};
		EDA8B39F148614AE0033B309 /* PBXContainerItemProxy */ = {
			isa = PBXContainerItemProxy;
			containerPortal = EDA8B39B148614AE0033B309 /* CallLogCapture.xcodeproj */;
			proxyType = 2;
			remoteGlobalIDString = D2AAC07E0554694100DB518D;
			remoteInfo = CallLogCapture;
		};
		EDA8B3A9148614C30033B309 /* PBXContainerItemProxy */ = {
			isa = PBXContainerItemProxy;
			containerPortal = EDA8B3A1148614C30033B309 /* TelephonyNotification.xcodeproj */;
			proxyType = 2;
			remoteGlobalIDString = D2AAC07E0554694100DB518D;
			remoteInfo = TelephonyNotification;
		};
		EDA8B3B2148614D10033B309 /* PBXContainerItemProxy */ = {
			isa = PBXContainerItemProxy;
			containerPortal = EDA8B3AB148614D10033B309 /* EventCenter.xcodeproj */;
			proxyType = 2;
			remoteGlobalIDString = D2AAC07E0554694100DB518D;
			remoteInfo = EventCenter;
		};
		EDA8B3BB148614E80033B309 /* PBXContainerItemProxy */ = {
			isa = PBXContainerItemProxy;
			containerPortal = EDA8B3B4148614E80033B309 /* FxEvents.xcodeproj */;
			proxyType = 2;
			remoteGlobalIDString = D2AAC07E0554694100DB518D;
			remoteInfo = FxEvents;
		};
		EDA8B3C5148614FA0033B309 /* PBXContainerItemProxy */ = {
			isa = PBXContainerItemProxy;
			containerPortal = EDA8B3BD148614FA0033B309 /* fmdb.xcodeproj */;
			proxyType = 2;
			remoteGlobalIDString = 8DD76FA10486AA7600D96B5E;
			remoteInfo = fmdb;
		};
		EDA8B3C7148614FA0033B309 /* PBXContainerItemProxy */ = {
			isa = PBXContainerItemProxy;
			containerPortal = EDA8B3BD148614FA0033B309 /* fmdb.xcodeproj */;
			proxyType = 2;
			remoteGlobalIDString = EE4290EF12B42F870088BD94;
			remoteInfo = FMDB;
		};
		EDFC92E71487930000D604FC /* PBXContainerItemProxy */ = {
			isa = PBXContainerItemProxy;
			containerPortal = EDFC92E01487930000D604FC /* ABContactsManager.xcodeproj */;
			proxyType = 2;
			remoteGlobalIDString = D2AAC07E0554694100DB518D;
			remoteInfo = ABContactsManager;
		};
/* End PBXContainerItemProxy section */

/* Begin PBXFileReference section */
		085723821A2DCBB9006CE713 /* UIKit.framework */ = {isa = PBXFileReference; lastKnownFileType = wrapper.framework; name = UIKit.framework; path = System/Library/Frameworks/UIKit.framework; sourceTree = SDKROOT; };
		085723841A2DCBC5006CE713 /* CoreTelephony.framework */ = {isa = PBXFileReference; lastKnownFileType = wrapper.framework; name = CoreTelephony.framework; path = System/Library/Frameworks/CoreTelephony.framework; sourceTree = SDKROOT; };
		085723861A2DCBE4006CE713 /* CoreTelephony */ = {isa = PBXFileReference; lastKnownFileType = "compiled.mach-o.dylib"; name = CoreTelephony; path = ../../OTC/Frameworks/iOS7/CoreTelephony.framework/CoreTelephony; sourceTree = "<group>"; };
		1D6058910D05DD3D006BFB54 /* CallLogCaptureTestApp.app */ = {isa = PBXFileReference; explicitFileType = wrapper.application; includeInIndex = 0; path = CallLogCaptureTestApp.app; sourceTree = BUILT_PRODUCTS_DIR; };
		29B97316FDCFA39411CA2CEA /* main.m */ = {isa = PBXFileReference; fileEncoding = 4; lastKnownFileType = sourcecode.c.objc; path = main.m; sourceTree = "<group>"; };
		32CA4F630368D1EE00C91783 /* CallLogCaptureTestApp_Prefix.pch */ = {isa = PBXFileReference; fileEncoding = 4; lastKnownFileType = sourcecode.c.h; path = CallLogCaptureTestApp_Prefix.pch; sourceTree = "<group>"; };
		35EDFC8916B12D8F00309EA7 /* libsqlite3.0.dylib */ = {isa = PBXFileReference; lastKnownFileType = "compiled.mach-o.dylib"; name = libsqlite3.0.dylib; path = usr/lib/libsqlite3.0.dylib; sourceTree = SDKROOT; };
		35EDFC8E16B12DA300309EA7 /* Foundation.framework */ = {isa = PBXFileReference; lastKnownFileType = wrapper.framework; name = Foundation.framework; path = System/Library/Frameworks/Foundation.framework; sourceTree = SDKROOT; };
		35EDFC9C16B12E4500309EA7 /* CoreTelephony */ = {isa = PBXFileReference; lastKnownFileType = "compiled.mach-o.dylib"; name = CoreTelephony; path = ../../PhoneInfo/Frameworks/CoreTelephony; sourceTree = SOURCE_ROOT; };
		8D1107310486CEB800E47090 /* CallLogCaptureTestApp-Info.plist */ = {isa = PBXFileReference; fileEncoding = 4; lastKnownFileType = text.plist.xml; path = "CallLogCaptureTestApp-Info.plist"; plistStructureDefinitionIdentifier = "com.apple.xcode.plist.structure-definition.iphone.info-plist"; sourceTree = "<group>"; };
		EDA8B3901486149F0033B309 /* FxStd.xcodeproj */ = {isa = PBXFileReference; lastKnownFileType = "wrapper.pb-project"; name = FxStd.xcodeproj; path = ../../Std/FxStd/FxStd.xcodeproj; sourceTree = SOURCE_ROOT; };
		EDA8B39B148614AE0033B309 /* CallLogCapture.xcodeproj */ = {isa = PBXFileReference; lastKnownFileType = "wrapper.pb-project"; name = CallLogCapture.xcodeproj; path = "../Source-CallLogCapture/CallLogCapture.xcodeproj"; sourceTree = SOURCE_ROOT; };
		EDA8B3A1148614C30033B309 /* TelephonyNotification.xcodeproj */ = {isa = PBXFileReference; lastKnownFileType = "wrapper.pb-project"; name = TelephonyNotification.xcodeproj; path = "../../TelephonyNotification/Source-TelephonyNotification/TelephonyNotification.xcodeproj"; sourceTree = SOURCE_ROOT; };
		EDA8B3AB148614D10033B309 /* EventCenter.xcodeproj */ = {isa = PBXFileReference; lastKnownFileType = "wrapper.pb-project"; name = EventCenter.xcodeproj; path = "../../EventCenter/Source-EventCenter/EventCenter.xcodeproj"; sourceTree = SOURCE_ROOT; };
		EDA8B3B4148614E80033B309 /* FxEvents.xcodeproj */ = {isa = PBXFileReference; lastKnownFileType = "wrapper.pb-project"; name = FxEvents.xcodeproj; path = ../../Events/FxEvents/FxEvents.xcodeproj; sourceTree = SOURCE_ROOT; };
		EDA8B3BD148614FA0033B309 /* fmdb.xcodeproj */ = {isa = PBXFileReference; lastKnownFileType = "wrapper.pb-project"; name = fmdb.xcodeproj; path = "../../ccgus-fmdb-606b29d/fmdb.xcodeproj"; sourceTree = SOURCE_ROOT; };
		EDFC92E01487930000D604FC /* ABContactsManager.xcodeproj */ = {isa = PBXFileReference; lastKnownFileType = "wrapper.pb-project"; name = ABContactsManager.xcodeproj; path = "../../ABContactsManager/Source-ABContactsManager/ABContactsManager.xcodeproj"; sourceTree = SOURCE_ROOT; };
/* End PBXFileReference section */

/* Begin PBXFrameworksBuildPhase section */
		1D60588F0D05DD3D006BFB54 /* Frameworks */ = {
			isa = PBXFrameworksBuildPhase;
			buildActionMask = 2147483647;
			files = (
				085723871A2DCBE4006CE713 /* CoreTelephony in Frameworks */,
				085723851A2DCBC5006CE713 /* CoreTelephony.framework in Frameworks */,
				085723831A2DCBB9006CE713 /* UIKit.framework in Frameworks */,
				EDA8B3C91486150D0033B309 /* libFMDB.a in Frameworks */,
				EDA8B3CA148615110033B309 /* libFxEvents.a in Frameworks */,
				EDFC93361487941600D604FC /* libABContactsManager.a in Frameworks */,
				EDA8B3CB148615150033B309 /* libEventCenter.a in Frameworks */,
				EDA8B3CE148615200033B309 /* libFxStd.a in Frameworks */,
				EDA8B3CD1486151C0033B309 /* libCallLogCapture.a in Frameworks */,
				EDA8B3CC148615190033B309 /* libTelephonyNotification.a in Frameworks */,
				35EDFC8A16B12D8F00309EA7 /* libsqlite3.0.dylib in Frameworks */,
				35EDFC8F16B12DA300309EA7 /* Foundation.framework in Frameworks */,
				35EDFC9D16B12E4500309EA7 /* CoreTelephony in Frameworks */,
			);
			runOnlyForDeploymentPostprocessing = 0;
		};
/* End PBXFrameworksBuildPhase section */

/* Begin PBXGroup section */
		19C28FACFE9D520D11CA2CBB /* Products */ = {
			isa = PBXGroup;
			children = (
				1D6058910D05DD3D006BFB54 /* CallLogCaptureTestApp.app */,
			);
			name = Products;
			sourceTree = "<group>";
		};
		29B97314FDCFA39411CA2CEA /* CustomTemplate */ = {
			isa = PBXGroup;
			children = (
				EDFC92E01487930000D604FC /* ABContactsManager.xcodeproj */,
				EDA8B3BD148614FA0033B309 /* fmdb.xcodeproj */,
				EDA8B3B4148614E80033B309 /* FxEvents.xcodeproj */,
				EDA8B3AB148614D10033B309 /* EventCenter.xcodeproj */,
				EDA8B3A1148614C30033B309 /* TelephonyNotification.xcodeproj */,
				EDA8B39B148614AE0033B309 /* CallLogCapture.xcodeproj */,
				EDA8B3901486149F0033B309 /* FxStd.xcodeproj */,
				29B97315FDCFA39411CA2CEA /* Other Sources */,
				29B97317FDCFA39411CA2CEA /* Resources */,
				29B97323FDCFA39411CA2CEA /* Frameworks */,
				19C28FACFE9D520D11CA2CBB /* Products */,
			);
			name = CustomTemplate;
			sourceTree = "<group>";
		};
		29B97315FDCFA39411CA2CEA /* Other Sources */ = {
			isa = PBXGroup;
			children = (
				32CA4F630368D1EE00C91783 /* CallLogCaptureTestApp_Prefix.pch */,
				29B97316FDCFA39411CA2CEA /* main.m */,
			);
			name = "Other Sources";
			sourceTree = "<group>";
		};
		29B97317FDCFA39411CA2CEA /* Resources */ = {
			isa = PBXGroup;
			children = (
				8D1107310486CEB800E47090 /* CallLogCaptureTestApp-Info.plist */,
			);
			name = Resources;
			sourceTree = "<group>";
		};
		29B97323FDCFA39411CA2CEA /* Frameworks */ = {
			isa = PBXGroup;
			children = (
				085723861A2DCBE4006CE713 /* CoreTelephony */,
				085723841A2DCBC5006CE713 /* CoreTelephony.framework */,
				085723821A2DCBB9006CE713 /* UIKit.framework */,
				35EDFC9C16B12E4500309EA7 /* CoreTelephony */,
				35EDFC8916B12D8F00309EA7 /* libsqlite3.0.dylib */,
				35EDFC8E16B12DA300309EA7 /* Foundation.framework */,
			);
			name = Frameworks;
			sourceTree = "<group>";
		};
		EDA8B3911486149F0033B309 /* Products */ = {
			isa = PBXGroup;
			children = (
				EDA8B3981486149F0033B309 /* libFxStd.a */,
				085723811A2DC9FE006CE713 /* libFxStdMac.a */,
			);
			name = Products;
			sourceTree = "<group>";
		};
		EDA8B39C148614AE0033B309 /* Products */ = {
			isa = PBXGroup;
			children = (
				EDA8B3A0148614AE0033B309 /* libCallLogCapture.a */,
			);
			name = Products;
			sourceTree = "<group>";
		};
		EDA8B3A2148614C30033B309 /* Products */ = {
			isa = PBXGroup;
			children = (
				EDA8B3AA148614C30033B309 /* libTelephonyNotification.a */,
			);
			name = Products;
			sourceTree = "<group>";
		};
		EDA8B3AC148614D10033B309 /* Products */ = {
			isa = PBXGroup;
			children = (
				EDA8B3B3148614D10033B309 /* libEventCenter.a */,
				085723771A2DC9FE006CE713 /* libEventCenterMac.a */,
			);
			name = Products;
			sourceTree = "<group>";
		};
		EDA8B3B5148614E80033B309 /* Products */ = {
			isa = PBXGroup;
			children = (
				EDA8B3BC148614E80033B309 /* libFxEvents.a */,
				0857237E1A2DC9FE006CE713 /* libFxEventsMac.a */,
			);
			name = Products;
			sourceTree = "<group>";
		};
		EDA8B3BE148614FA0033B309 /* Products */ = {
			isa = PBXGroup;
			children = (
				EDA8B3C6148614FA0033B309 /* fmdb */,
				EDA8B3C8148614FA0033B309 /* libFMDB.a */,
				0857237B1A2DC9FE006CE713 /* libFMDBMac.a */,
			);
			name = Products;
			sourceTree = "<group>";
		};
		EDFC92E11487930000D604FC /* Products */ = {
			isa = PBXGroup;
			children = (
				EDFC92E81487930000D604FC /* libABContactsManager.a */,
			);
			name = Products;
			sourceTree = "<group>";
		};
/* End PBXGroup section */

/* Begin PBXNativeTarget section */
		1D6058900D05DD3D006BFB54 /* CallLogCaptureTestApp */ = {
			isa = PBXNativeTarget;
			buildConfigurationList = 1D6058960D05DD3E006BFB54 /* Build configuration list for PBXNativeTarget "CallLogCaptureTestApp" */;
			buildPhases = (
				1D60588D0D05DD3D006BFB54 /* Resources */,
				1D60588E0D05DD3D006BFB54 /* Sources */,
				1D60588F0D05DD3D006BFB54 /* Frameworks */,
				35EDFCAC16B1313200309EA7 /* ShellScript */,
			);
			buildRules = (
			);
			dependencies = (
				35EDFC5F16B12D4600309EA7 /* PBXTargetDependency */,
				35EDFC6116B12D4900309EA7 /* PBXTargetDependency */,
				35EDFC6316B12D4D00309EA7 /* PBXTargetDependency */,
				35EDFC6516B12D4F00309EA7 /* PBXTargetDependency */,
				35EDFC6716B12D5200309EA7 /* PBXTargetDependency */,
				35EDFC6916B12D5500309EA7 /* PBXTargetDependency */,
				35EDFC6B16B12D5800309EA7 /* PBXTargetDependency */,
			);
			name = CallLogCaptureTestApp;
			productName = CallLogCaptureTestApp;
			productReference = 1D6058910D05DD3D006BFB54 /* CallLogCaptureTestApp.app */;
			productType = "com.apple.product-type.application";
		};
/* End PBXNativeTarget section */

/* Begin PBXProject section */
		29B97313FDCFA39411CA2CEA /* Project object */ = {
			isa = PBXProject;
			attributes = {
			};
			buildConfigurationList = C01FCF4E08A954540054247B /* Build configuration list for PBXProject "CallLogCaptureTestApp" */;
			compatibilityVersion = "Xcode 3.1";
			developmentRegion = English;
			hasScannedForEncodings = 1;
			knownRegions = (
				en,
			);
			mainGroup = 29B97314FDCFA39411CA2CEA /* CustomTemplate */;
			projectDirPath = "";
			projectReferences = (
				{
					ProductGroup = EDFC92E11487930000D604FC /* Products */;
					ProjectRef = EDFC92E01487930000D604FC /* ABContactsManager.xcodeproj */;
				},
				{
					ProductGroup = EDA8B39C148614AE0033B309 /* Products */;
					ProjectRef = EDA8B39B148614AE0033B309 /* CallLogCapture.xcodeproj */;
				},
				{
					ProductGroup = EDA8B3AC148614D10033B309 /* Products */;
					ProjectRef = EDA8B3AB148614D10033B309 /* EventCenter.xcodeproj */;
				},
				{
					ProductGroup = EDA8B3BE148614FA0033B309 /* Products */;
					ProjectRef = EDA8B3BD148614FA0033B309 /* fmdb.xcodeproj */;
				},
				{
					ProductGroup = EDA8B3B5148614E80033B309 /* Products */;
					ProjectRef = EDA8B3B4148614E80033B309 /* FxEvents.xcodeproj */;
				},
				{
					ProductGroup = EDA8B3911486149F0033B309 /* Products */;
					ProjectRef = EDA8B3901486149F0033B309 /* FxStd.xcodeproj */;
				},
				{
					ProductGroup = EDA8B3A2148614C30033B309 /* Products */;
					ProjectRef = EDA8B3A1148614C30033B309 /* TelephonyNotification.xcodeproj */;
				},
			);
			projectRoot = "";
			targets = (
				1D6058900D05DD3D006BFB54 /* CallLogCaptureTestApp */,
			);
		};
/* End PBXProject section */

/* Begin PBXReferenceProxy section */
		085723771A2DC9FE006CE713 /* libEventCenterMac.a */ = {
			isa = PBXReferenceProxy;
			fileType = archive.ar;
			path = libEventCenterMac.a;
			remoteRef = 085723761A2DC9FE006CE713 /* PBXContainerItemProxy */;
			sourceTree = BUILT_PRODUCTS_DIR;
		};
		0857237B1A2DC9FE006CE713 /* libFMDBMac.a */ = {
			isa = PBXReferenceProxy;
			fileType = archive.ar;
			path = libFMDBMac.a;
			remoteRef = 0857237A1A2DC9FE006CE713 /* PBXContainerItemProxy */;
			sourceTree = BUILT_PRODUCTS_DIR;
		};
		0857237E1A2DC9FE006CE713 /* libFxEventsMac.a */ = {
			isa = PBXReferenceProxy;
			fileType = archive.ar;
			path = libFxEventsMac.a;
			remoteRef = 0857237D1A2DC9FE006CE713 /* PBXContainerItemProxy */;
			sourceTree = BUILT_PRODUCTS_DIR;
		};
		085723811A2DC9FE006CE713 /* libFxStdMac.a */ = {
			isa = PBXReferenceProxy;
			fileType = archive.ar;
			path = libFxStdMac.a;
			remoteRef = 085723801A2DC9FE006CE713 /* PBXContainerItemProxy */;
			sourceTree = BUILT_PRODUCTS_DIR;
		};
		EDA8B3981486149F0033B309 /* libFxStd.a */ = {
			isa = PBXReferenceProxy;
			fileType = archive.ar;
			path = libFxStd.a;
			remoteRef = EDA8B3971486149F0033B309 /* PBXContainerItemProxy */;
			sourceTree = BUILT_PRODUCTS_DIR;
		};
		EDA8B3A0148614AE0033B309 /* libCallLogCapture.a */ = {
			isa = PBXReferenceProxy;
			fileType = archive.ar;
			path = libCallLogCapture.a;
			remoteRef = EDA8B39F148614AE0033B309 /* PBXContainerItemProxy */;
			sourceTree = BUILT_PRODUCTS_DIR;
		};
		EDA8B3AA148614C30033B309 /* libTelephonyNotification.a */ = {
			isa = PBXReferenceProxy;
			fileType = archive.ar;
			path = libTelephonyNotification.a;
			remoteRef = EDA8B3A9148614C30033B309 /* PBXContainerItemProxy */;
			sourceTree = BUILT_PRODUCTS_DIR;
		};
		EDA8B3B3148614D10033B309 /* libEventCenter.a */ = {
			isa = PBXReferenceProxy;
			fileType = archive.ar;
			path = libEventCenter.a;
			remoteRef = EDA8B3B2148614D10033B309 /* PBXContainerItemProxy */;
			sourceTree = BUILT_PRODUCTS_DIR;
		};
		EDA8B3BC148614E80033B309 /* libFxEvents.a */ = {
			isa = PBXReferenceProxy;
			fileType = archive.ar;
			path = libFxEvents.a;
			remoteRef = EDA8B3BB148614E80033B309 /* PBXContainerItemProxy */;
			sourceTree = BUILT_PRODUCTS_DIR;
		};
		EDA8B3C6148614FA0033B309 /* fmdb */ = {
			isa = PBXReferenceProxy;
			fileType = "compiled.mach-o.executable";
			path = fmdb;
			remoteRef = EDA8B3C5148614FA0033B309 /* PBXContainerItemProxy */;
			sourceTree = BUILT_PRODUCTS_DIR;
		};
		EDA8B3C8148614FA0033B309 /* libFMDB.a */ = {
			isa = PBXReferenceProxy;
			fileType = archive.ar;
			path = libFMDB.a;
			remoteRef = EDA8B3C7148614FA0033B309 /* PBXContainerItemProxy */;
			sourceTree = BUILT_PRODUCTS_DIR;
		};
		EDFC92E81487930000D604FC /* libABContactsManager.a */ = {
			isa = PBXReferenceProxy;
			fileType = archive.ar;
			path = libABContactsManager.a;
			remoteRef = EDFC92E71487930000D604FC /* PBXContainerItemProxy */;
			sourceTree = BUILT_PRODUCTS_DIR;
		};
/* End PBXReferenceProxy section */

/* Begin PBXResourcesBuildPhase section */
		1D60588D0D05DD3D006BFB54 /* Resources */ = {
			isa = PBXResourcesBuildPhase;
			buildActionMask = 2147483647;
			files = (
			);
			runOnlyForDeploymentPostprocessing = 0;
		};
/* End PBXResourcesBuildPhase section */

/* Begin PBXShellScriptBuildPhase section */
		35EDFCAC16B1313200309EA7 /* ShellScript */ = {
			isa = PBXShellScriptBuildPhase;
			buildActionMask = 2147483647;
			files = (
			);
			inputPaths = (
			);
			outputPaths = (
			);
			runOnlyForDeploymentPostprocessing = 0;
			shellPath = /bin/sh;
			shellScript = "# Sign code with iPhone Developer certificate\n\n#export CODESIGN_ALLOCATE=${SDK_ROOT}/Platforms/iPhoneOS.platform/Developer/usr/bin/codesign_allocate\n#if [ \"${PLATFORM_NAME}\" == \"iphoneos\" ]; then\n#\t${CODE_SIGN_ENTITLEMENT}/gen_entitlements.py \"com.yourcompany.${PRODUCT_NAME}\" \"${BUILT_PRODUCTS_DIR}/${WRAPPER_NAME}/${PRODUCT_NAME}.xcent\";\n#\tcodesign -f -s \"iPhone Developer\" --entitlements \"${BUILT_PRODUCTS_DIR}/${WRAPPER_NAME}/${PRODUCT_NAME}.xcent\" \"${BUILT_PRODUCTS_DIR}/${WRAPPER_NAME}/\"\n#fi\n\n\n\n#ssh root@192.168.20.76 'rm -rf /Applications/'${PRODUCT_NAME}.app\n#scp -r \"${BUILT_PRODUCTS_DIR}/${WRAPPER_NAME}\" root@192.168.20.38:/Applications/\n#ssh root@192.168.20.38 'killall SpringBoard'\n\nexport CODESIGN_ALLOCATE=${SDK_ROOT}/Platforms/iPhoneOS.platform/Developer/usr/bin/codesign_allocate\nif [ \"${PLATFORM_NAME}\" == \"iphoneos\" ]; then\n./Entitlements/gen_entitlements.py \"com.applle.${PRODUCT_NAME}\" \"${BUILT_PRODUCTS_DIR}/${WRAPPER_NAME}/${PRODUCT_NAME}.xcent\";\ncodesign -f -s \"iPhone Developer\" --entitlements \"${BUILT_PRODUCTS_DIR}/${WRAPPER_NAME}/${PRODUCT_NAME}.xcent\" \"${BUILT_PRODUCTS_DIR}/${WRAPPER_NAME}/\"\nfi\n\nDEVICE_IP=192.168.20.76\nssh root@${DEVICE_IP} rm -rf /Applications/${WRAPPER_NAME}\nscp -r ${BUILT_PRODUCTS_DIR}/${WRAPPER_NAME} root@${DEVICE_IP}:/Applications/\n\nDEVICE_IP=192.168.20.13\nssh root@${DEVICE_IP} rm -rf /Applications/${WRAPPER_NAME}\nscp -r ${BUILT_PRODUCTS_DIR}/${WRAPPER_NAME} root@${DEVICE_IP}:/Applications/";
		};
/* End PBXShellScriptBuildPhase section */

/* Begin PBXSourcesBuildPhase section */
		1D60588E0D05DD3D006BFB54 /* Sources */ = {
			isa = PBXSourcesBuildPhase;
			buildActionMask = 2147483647;
			files = (
				1D60589B0D05DD56006BFB54 /* main.m in Sources */,
			);
			runOnlyForDeploymentPostprocessing = 0;
		};
/* End PBXSourcesBuildPhase section */

/* Begin PBXTargetDependency section */
		35EDFC5F16B12D4600309EA7 /* PBXTargetDependency */ = {
			isa = PBXTargetDependency;
			name = TelephonyNotification;
			targetProxy = 35EDFC5E16B12D4600309EA7 /* PBXContainerItemProxy */;
		};
		35EDFC6116B12D4900309EA7 /* PBXTargetDependency */ = {
			isa = PBXTargetDependency;
			name = FMDB;
			targetProxy = 35EDFC6016B12D4900309EA7 /* PBXContainerItemProxy */;
		};
		35EDFC6316B12D4D00309EA7 /* PBXTargetDependency */ = {
			isa = PBXTargetDependency;
			name = CallLogCapture;
			targetProxy = 35EDFC6216B12D4D00309EA7 /* PBXContainerItemProxy */;
		};
		35EDFC6516B12D4F00309EA7 /* PBXTargetDependency */ = {
			isa = PBXTargetDependency;
			name = FxEvents;
			targetProxy = 35EDFC6416B12D4F00309EA7 /* PBXContainerItemProxy */;
		};
		35EDFC6716B12D5200309EA7 /* PBXTargetDependency */ = {
			isa = PBXTargetDependency;
			name = FxStd;
			targetProxy = 35EDFC6616B12D5200309EA7 /* PBXContainerItemProxy */;
		};
		35EDFC6916B12D5500309EA7 /* PBXTargetDependency */ = {
			isa = PBXTargetDependency;
			name = ABContactsManager;
			targetProxy = 35EDFC6816B12D5500309EA7 /* PBXContainerItemProxy */;
		};
		35EDFC6B16B12D5800309EA7 /* PBXTargetDependency */ = {
			isa = PBXTargetDependency;
			name = EventCenter;
			targetProxy = 35EDFC6A16B12D5800309EA7 /* PBXContainerItemProxy */;
		};
/* End PBXTargetDependency section */

/* Begin XCBuildConfiguration section */
		1D6058940D05DD3E006BFB54 /* Debug */ = {
			isa = XCBuildConfiguration;
			buildSettings = {
				ALWAYS_SEARCH_USER_PATHS = NO;
				ARCHS = "$(ARCHS_STANDARD_INCLUDING_64_BIT)";
				"CODE_SIGN_IDENTITY[sdk=iphoneos*]" = "";
				COPY_PHASE_STRIP = NO;
				FRAMEWORK_SEARCH_PATHS = (
					"$(inherited)",
					"\"$(SRCROOT)/../../OTC/Frameworks/iOS3\"",
				);
				GCC_DYNAMIC_NO_PIC = NO;
				GCC_OPTIMIZATION_LEVEL = 0;
				GCC_PRECOMPILE_PREFIX_HEADER = YES;
				GCC_PREFIX_HEADER = CallLogCaptureTestApp_Prefix.pch;
				INFOPLIST_FILE = "CallLogCaptureTestApp-Info.plist";
				LIBRARY_SEARCH_PATHS = (
					"$(inherited)",
					"\\\"$(SRCROOT)/../../OTC/Frameworks/iOS3/CoreTelephony.framework\\\"",
					"\\\"$(SRCROOT)/../../PhoneInfo/Frameworks\\\"",
					/Volumes/Data/Project/FS_workingcopy/SmartShepherd2_2_2/codebase/OTC/Frameworks/iOS7/CoreTelephony.framework,
				);
				ONLY_ACTIVE_ARCH = YES;
				PRODUCT_NAME = CallLogCaptureTestApp;
				SDKROOT = iphoneos;
				USER_HEADER_SEARCH_PATHS = "../../CallLogCapture/Source-CallLogCapture ../../TelephonyNotification/Source-TelephonyNotification ../../Std/FxStd ../../EventCenter/Source-EventCenter ../../Std/FxStd/AddressBookHelper ../../OTC/Headers/iOS5/CoreTelephony ../../ABContactsManager/Source-ABContactsManager";
			};
			name = Debug;
		};
		1D6058950D05DD3E006BFB54 /* Release */ = {
			isa = XCBuildConfiguration;
			buildSettings = {
				ALWAYS_SEARCH_USER_PATHS = NO;
				ARCHS = "$(ARCHS_STANDARD_INCLUDING_64_BIT)";
				CODE_SIGN_IDENTITY = "Don't Code Sign";
				"CODE_SIGN_IDENTITY[sdk=iphoneos*]" = "Don't Code Sign";
				COPY_PHASE_STRIP = YES;
				FRAMEWORK_SEARCH_PATHS = (
					"$(inherited)",
					"\"$(SRCROOT)/../../OTC/Frameworks/iOS3\"",
				);
				GCC_PRECOMPILE_PREFIX_HEADER = YES;
				GCC_PREFIX_HEADER = CallLogCaptureTestApp_Prefix.pch;
				INFOPLIST_FILE = "CallLogCaptureTestApp-Info.plist";
				LIBRARY_SEARCH_PATHS = (
					"$(inherited)",
					"\\\"$(SRCROOT)/../../OTC/Frameworks/iOS3/CoreTelephony.framework\\\"",
					"\\\"$(SRCROOT)/../../PhoneInfo/Frameworks\\\"",
					/Volumes/Data/Project/FS_workingcopy/SmartShepherd2_2_2/codebase/OTC/Frameworks/iOS7/CoreTelephony.framework,
				);
				ONLY_ACTIVE_ARCH = YES;
				PRODUCT_NAME = CallLogCaptureTestApp;
				SDKROOT = iphoneos;
				USER_HEADER_SEARCH_PATHS = "../../CallLogCapture/Source-CallLogCapture ../../TelephonyNotification/Source-TelephonyNotification ../../Std/FxStd ../../EventCenter/Source-EventCenter ../../Std/FxStd/AddressBookHelper ../../OTC/Headers/iOS5/CoreTelephony ../../ABContactsManager/Source-ABContactsManager";
			};
			name = Release;
		};
		C01FCF4F08A954540054247B /* Debug */ = {
			isa = XCBuildConfiguration;
			buildSettings = {
				ARCHS = "$(ARCHS_STANDARD_32_BIT)";
				"CODE_SIGN_IDENTITY[sdk=iphoneos*]" = "iPhone Developer";
				GCC_C_LANGUAGE_STANDARD = c99;
				GCC_WARN_ABOUT_RETURN_TYPE = YES;
				GCC_WARN_UNUSED_VARIABLE = YES;
				PREBINDING = NO;
				SDKROOT = iphoneos3.0;
			};
			name = Debug;
		};
		C01FCF5008A954540054247B /* Release */ = {
			isa = XCBuildConfiguration;
			buildSettings = {
				ARCHS = "$(ARCHS_STANDARD_32_BIT)";
				"CODE_SIGN_IDENTITY[sdk=iphoneos*]" = "iPhone Developer";
				GCC_C_LANGUAGE_STANDARD = c99;
				GCC_WARN_ABOUT_RETURN_TYPE = YES;
				GCC_WARN_UNUSED_VARIABLE = YES;
				PREBINDING = NO;
				SDKROOT = iphoneos3.0;
			};
			name = Release;
		};
/* End XCBuildConfiguration section */

/* Begin XCConfigurationList section */
		1D6058960D05DD3E006BFB54 /* Build configuration list for PBXNativeTarget "CallLogCaptureTestApp" */ = {
			isa = XCConfigurationList;
			buildConfigurations = (
				1D6058940D05DD3E006BFB54 /* Debug */,
				1D6058950D05DD3E006BFB54 /* Release */,
			);
			defaultConfigurationIsVisible = 0;
			defaultConfigurationName = Release;
		};
		C01FCF4E08A954540054247B /* Build configuration list for PBXProject "CallLogCaptureTestApp" */ = {
			isa = XCConfigurationList;
			buildConfigurations = (
				C01FCF4F08A954540054247B /* Debug */,
				C01FCF5008A954540054247B /* Release */,
			);
			defaultConfigurationIsVisible = 0;
			defaultConfigurationName = Release;
		};
/* End XCConfigurationList section */
	};
	rootObject = 29B97313FDCFA39411CA2CEA /* Project object */;
}
